// !$*UTF8*$!
{
	archiveVersion = 1;
	classes = {
	};
	objectVersion = 46;
	objects = {

/* Begin PBXBuildFile section */
		147F40395621AFB511F6552B /* Pods_cctv_iosTests.framework in Frameworks */ = {isa = PBXBuildFile; fileRef = EEF90978151BFAEDD7BB6E64 /* Pods_cctv_iosTests.framework */; };
		3FBB972B1DD9038600537C32 /* AppDelegate.swift in Sources */ = {isa = PBXBuildFile; fileRef = 3FBB972A1DD9038600537C32 /* AppDelegate.swift */; };
		3FBB972D1DD9038600537C32 /* ViewController.swift in Sources */ = {isa = PBXBuildFile; fileRef = 3FBB972C1DD9038600537C32 /* ViewController.swift */; };
		3FBB97301DD9038600537C32 /* Main.storyboard in Resources */ = {isa = PBXBuildFile; fileRef = 3FBB972E1DD9038600537C32 /* Main.storyboard */; };
		3FBB97321DD9038600537C32 /* Assets.xcassets in Resources */ = {isa = PBXBuildFile; fileRef = 3FBB97311DD9038600537C32 /* Assets.xcassets */; };
		3FBB97351DD9038600537C32 /* LaunchScreen.storyboard in Resources */ = {isa = PBXBuildFile; fileRef = 3FBB97331DD9038600537C32 /* LaunchScreen.storyboard */; };
		3FBB97401DD9038600537C32 /* cctv_iosTests.swift in Sources */ = {isa = PBXBuildFile; fileRef = 3FBB973F1DD9038600537C32 /* cctv_iosTests.swift */; };
		3FBB974B1DD9038600537C32 /* cctv_iosUITests.swift in Sources */ = {isa = PBXBuildFile; fileRef = 3FBB974A1DD9038600537C32 /* cctv_iosUITests.swift */; };
		4218AC2A4E6A6BF88680AC35 /* Pods_cctv_ios.framework in Frameworks */ = {isa = PBXBuildFile; fileRef = 7AD3014EFC2B6BCC3A40F606 /* Pods_cctv_ios.framework */; };
		4E11CE78C5893BE5E4CA6C71 /* Pods_cctv_iosUITests.framework in Frameworks */ = {isa = PBXBuildFile; fileRef = 2A5C11911FE5A3EBE656E5FB /* Pods_cctv_iosUITests.framework */; };
		960BFC881DFB0BD600CEC150 /* StreamViewController.swift in Sources */ = {isa = PBXBuildFile; fileRef = 960BFC871DFB0BD600CEC150 /* StreamViewController.swift */; };
		963327731DF7FC3F009E0E97 /* ScheduleTableViewCell.swift in Sources */ = {isa = PBXBuildFile; fileRef = 963327721DF7FC3F009E0E97 /* ScheduleTableViewCell.swift */; };
		963BA2251DF86140005C9EDA /* ScheduleViewController.swift in Sources */ = {isa = PBXBuildFile; fileRef = 963BA2241DF86140005C9EDA /* ScheduleViewController.swift */; };
		96473CBD1DF52F5800B1C4EB /* ArchiveTableViewCell.swift in Sources */ = {isa = PBXBuildFile; fileRef = 96473CBC1DF52F5800B1C4EB /* ArchiveTableViewCell.swift */; };
		968EDA251DEB7D2E0075B842 /* MediaPlayer.framework in Frameworks */ = {isa = PBXBuildFile; fileRef = 968EDA241DEB7D2E0075B842 /* MediaPlayer.framework */; };
		969C3A761E00921000F3B65A /* Streams.plist in Resources */ = {isa = PBXBuildFile; fileRef = 969C3A751E00921000F3B65A /* Streams.plist */; };
		A744BBB41DF7B7B100495E8A /* RepositoryRetrieval.swift in Sources */ = {isa = PBXBuildFile; fileRef = A744BBB31DF7B7B100495E8A /* RepositoryRetrieval.swift */; };
		A744BBB81DF7F0BB00495E8A /* ArchivesFound.swift in Sources */ = {isa = PBXBuildFile; fileRef = A744BBB71DF7F0BB00495E8A /* ArchivesFound.swift */; };
		A744BBBC1DF8034F00495E8A /* Globals.swift in Sources */ = {isa = PBXBuildFile; fileRef = A744BBBB1DF8034F00495E8A /* Globals.swift */; };
		A794A6AB1DF4EECB0089FB1A /* Uri.swift in Sources */ = {isa = PBXBuildFile; fileRef = A794A6AA1DF4EECB0089FB1A /* Uri.swift */; };
		A7A80DDC1DF743660041727C /* Archive.swift in Sources */ = {isa = PBXBuildFile; fileRef = A7A80DDB1DF743660041727C /* Archive.swift */; };
		A7A80DE01DF743B50041727C /* Schedule.swift in Sources */ = {isa = PBXBuildFile; fileRef = A7A80DDF1DF743B50041727C /* Schedule.swift */; };
		A7A80DE21DF743D20041727C /* Schedules.swift in Sources */ = {isa = PBXBuildFile; fileRef = A7A80DE11DF743D10041727C /* Schedules.swift */; };
		A7A80DE61DF744090041727C /* Locals.swift in Sources */ = {isa = PBXBuildFile; fileRef = A7A80DE51DF744090041727C /* Locals.swift */; };
/* End PBXBuildFile section */

/* Begin PBXContainerItemProxy section */
		3FBB973C1DD9038600537C32 /* PBXContainerItemProxy */ = {
			isa = PBXContainerItemProxy;
			containerPortal = 3FBB971F1DD9038600537C32 /* Project object */;
			proxyType = 1;
			remoteGlobalIDString = 3FBB97261DD9038600537C32;
			remoteInfo = "cctv-ios";
		};
		3FBB97471DD9038600537C32 /* PBXContainerItemProxy */ = {
			isa = PBXContainerItemProxy;
			containerPortal = 3FBB971F1DD9038600537C32 /* Project object */;
			proxyType = 1;
			remoteGlobalIDString = 3FBB97261DD9038600537C32;
			remoteInfo = "cctv-ios";
		};
/* End PBXContainerItemProxy section */

/* Begin PBXFileReference section */
		0F9C9AF282C12D3EE3D52582 /* Pods-cctv-iosUITests.debug.xcconfig */ = {isa = PBXFileReference; includeInIndex = 1; lastKnownFileType = text.xcconfig; name = "Pods-cctv-iosUITests.debug.xcconfig"; path = "Pods/Target Support Files/Pods-cctv-iosUITests/Pods-cctv-iosUITests.debug.xcconfig"; sourceTree = "<group>"; };
		2143086C1D7DC938A20BF3C9 /* Pods-cctv-iosUITests.release.xcconfig */ = {isa = PBXFileReference; includeInIndex = 1; lastKnownFileType = text.xcconfig; name = "Pods-cctv-iosUITests.release.xcconfig"; path = "Pods/Target Support Files/Pods-cctv-iosUITests/Pods-cctv-iosUITests.release.xcconfig"; sourceTree = "<group>"; };
		2A5C11911FE5A3EBE656E5FB /* Pods_cctv_iosUITests.framework */ = {isa = PBXFileReference; explicitFileType = wrapper.framework; includeInIndex = 0; path = Pods_cctv_iosUITests.framework; sourceTree = BUILT_PRODUCTS_DIR; };
		3F7B6E971DD910D900D9303A /* en */ = {isa = PBXFileReference; lastKnownFileType = text.plist.strings; name = en; path = en.lproj/LaunchScreen.strings; sourceTree = "<group>"; };
		3FBB97271DD9038600537C32 /* cctv-ios.app */ = {isa = PBXFileReference; explicitFileType = wrapper.application; includeInIndex = 0; path = "cctv-ios.app"; sourceTree = BUILT_PRODUCTS_DIR; };
		3FBB972A1DD9038600537C32 /* AppDelegate.swift */ = {isa = PBXFileReference; lastKnownFileType = sourcecode.swift; path = AppDelegate.swift; sourceTree = "<group>"; };
		3FBB972C1DD9038600537C32 /* ViewController.swift */ = {isa = PBXFileReference; lastKnownFileType = sourcecode.swift; path = ViewController.swift; sourceTree = "<group>"; };
		3FBB972F1DD9038600537C32 /* Base */ = {isa = PBXFileReference; lastKnownFileType = file.storyboard; name = Base; path = Base.lproj/Main.storyboard; sourceTree = "<group>"; };
		3FBB97311DD9038600537C32 /* Assets.xcassets */ = {isa = PBXFileReference; lastKnownFileType = folder.assetcatalog; path = Assets.xcassets; sourceTree = "<group>"; };
		3FBB97341DD9038600537C32 /* Base */ = {isa = PBXFileReference; lastKnownFileType = file.storyboard; name = Base; path = Base.lproj/LaunchScreen.storyboard; sourceTree = "<group>"; };
		3FBB97361DD9038600537C32 /* Info.plist */ = {isa = PBXFileReference; lastKnownFileType = text.plist.xml; path = Info.plist; sourceTree = "<group>"; };
		3FBB973B1DD9038600537C32 /* cctv-iosTests.xctest */ = {isa = PBXFileReference; explicitFileType = wrapper.cfbundle; includeInIndex = 0; path = "cctv-iosTests.xctest"; sourceTree = BUILT_PRODUCTS_DIR; };
		3FBB973F1DD9038600537C32 /* cctv_iosTests.swift */ = {isa = PBXFileReference; lastKnownFileType = sourcecode.swift; path = cctv_iosTests.swift; sourceTree = "<group>"; };
		3FBB97411DD9038600537C32 /* Info.plist */ = {isa = PBXFileReference; lastKnownFileType = text.plist.xml; path = Info.plist; sourceTree = "<group>"; };
		3FBB97461DD9038600537C32 /* cctv-iosUITests.xctest */ = {isa = PBXFileReference; explicitFileType = wrapper.cfbundle; includeInIndex = 0; path = "cctv-iosUITests.xctest"; sourceTree = BUILT_PRODUCTS_DIR; };
		3FBB974A1DD9038600537C32 /* cctv_iosUITests.swift */ = {isa = PBXFileReference; lastKnownFileType = sourcecode.swift; path = cctv_iosUITests.swift; sourceTree = "<group>"; };
		3FBB974C1DD9038600537C32 /* Info.plist */ = {isa = PBXFileReference; lastKnownFileType = text.plist.xml; path = Info.plist; sourceTree = "<group>"; };
		3FBB975B1DD90A3E00537C32 /* en */ = {isa = PBXFileReference; lastKnownFileType = text.plist.strings; name = en; path = en.lproj/Main.strings; sourceTree = "<group>"; };
		67FC0E3547ACDB83AA148AB0 /* Pods-cctv-iosTests.debug.xcconfig */ = {isa = PBXFileReference; includeInIndex = 1; lastKnownFileType = text.xcconfig; name = "Pods-cctv-iosTests.debug.xcconfig"; path = "Pods/Target Support Files/Pods-cctv-iosTests/Pods-cctv-iosTests.debug.xcconfig"; sourceTree = "<group>"; };
		7AD3014EFC2B6BCC3A40F606 /* Pods_cctv_ios.framework */ = {isa = PBXFileReference; explicitFileType = wrapper.framework; includeInIndex = 0; path = Pods_cctv_ios.framework; sourceTree = BUILT_PRODUCTS_DIR; };
		8E6F543597C2390FADE0D9D6 /* Pods-cctv-ios.release.xcconfig */ = {isa = PBXFileReference; includeInIndex = 1; lastKnownFileType = text.xcconfig; name = "Pods-cctv-ios.release.xcconfig"; path = "Pods/Target Support Files/Pods-cctv-ios/Pods-cctv-ios.release.xcconfig"; sourceTree = "<group>"; };
		960BFC871DFB0BD600CEC150 /* StreamViewController.swift */ = {isa = PBXFileReference; fileEncoding = 4; lastKnownFileType = sourcecode.swift; path = StreamViewController.swift; sourceTree = "<group>"; };
		963327721DF7FC3F009E0E97 /* ScheduleTableViewCell.swift */ = {isa = PBXFileReference; fileEncoding = 4; lastKnownFileType = sourcecode.swift; path = ScheduleTableViewCell.swift; sourceTree = "<group>"; };
		963BA2241DF86140005C9EDA /* ScheduleViewController.swift */ = {isa = PBXFileReference; fileEncoding = 4; lastKnownFileType = sourcecode.swift; path = ScheduleViewController.swift; sourceTree = "<group>"; };
		96473CBC1DF52F5800B1C4EB /* ArchiveTableViewCell.swift */ = {isa = PBXFileReference; fileEncoding = 4; lastKnownFileType = sourcecode.swift; path = ArchiveTableViewCell.swift; sourceTree = "<group>"; };
		968EDA241DEB7D2E0075B842 /* MediaPlayer.framework */ = {isa = PBXFileReference; lastKnownFileType = wrapper.framework; name = MediaPlayer.framework; path = System/Library/Frameworks/MediaPlayer.framework; sourceTree = SDKROOT; };
		969C3A751E00921000F3B65A /* Streams.plist */ = {isa = PBXFileReference; fileEncoding = 4; lastKnownFileType = text.plist.xml; path = Streams.plist; sourceTree = "<group>"; };
		A744BBB31DF7B7B100495E8A /* RepositoryRetrieval.swift */ = {isa = PBXFileReference; fileEncoding = 4; lastKnownFileType = sourcecode.swift; path = RepositoryRetrieval.swift; sourceTree = "<group>"; };
		A744BBB71DF7F0BB00495E8A /* ArchivesFound.swift */ = {isa = PBXFileReference; fileEncoding = 4; lastKnownFileType = sourcecode.swift; path = ArchivesFound.swift; sourceTree = "<group>"; };
		A744BBBB1DF8034F00495E8A /* Globals.swift */ = {isa = PBXFileReference; fileEncoding = 4; lastKnownFileType = sourcecode.swift; path = Globals.swift; sourceTree = "<group>"; };
		A794A6AA1DF4EECB0089FB1A /* Uri.swift */ = {isa = PBXFileReference; fileEncoding = 4; lastKnownFileType = sourcecode.swift; path = Uri.swift; sourceTree = "<group>"; };
		A7A80DDB1DF743660041727C /* Archive.swift */ = {isa = PBXFileReference; fileEncoding = 4; lastKnownFileType = sourcecode.swift; path = Archive.swift; sourceTree = "<group>"; };
		A7A80DDF1DF743B50041727C /* Schedule.swift */ = {isa = PBXFileReference; fileEncoding = 4; lastKnownFileType = sourcecode.swift; path = Schedule.swift; sourceTree = "<group>"; };
		A7A80DE11DF743D10041727C /* Schedules.swift */ = {isa = PBXFileReference; fileEncoding = 4; lastKnownFileType = sourcecode.swift; path = Schedules.swift; sourceTree = "<group>"; };
		A7A80DE51DF744090041727C /* Locals.swift */ = {isa = PBXFileReference; fileEncoding = 4; lastKnownFileType = sourcecode.swift; path = Locals.swift; sourceTree = "<group>"; };
		E76FE59D50621B0BBB874999 /* Pods-cctv-iosTests.release.xcconfig */ = {isa = PBXFileReference; includeInIndex = 1; lastKnownFileType = text.xcconfig; name = "Pods-cctv-iosTests.release.xcconfig"; path = "Pods/Target Support Files/Pods-cctv-iosTests/Pods-cctv-iosTests.release.xcconfig"; sourceTree = "<group>"; };
		E7C1E60D4E0A34A9ED9146A7 /* Pods-cctv-ios.debug.xcconfig */ = {isa = PBXFileReference; includeInIndex = 1; lastKnownFileType = text.xcconfig; name = "Pods-cctv-ios.debug.xcconfig"; path = "Pods/Target Support Files/Pods-cctv-ios/Pods-cctv-ios.debug.xcconfig"; sourceTree = "<group>"; };
		EEF90978151BFAEDD7BB6E64 /* Pods_cctv_iosTests.framework */ = {isa = PBXFileReference; explicitFileType = wrapper.framework; includeInIndex = 0; path = Pods_cctv_iosTests.framework; sourceTree = BUILT_PRODUCTS_DIR; };
/* End PBXFileReference section */

/* Begin PBXFrameworksBuildPhase section */
		3FBB97241DD9038600537C32 /* Frameworks */ = {
			isa = PBXFrameworksBuildPhase;
			buildActionMask = 2147483647;
			files = (
				968EDA251DEB7D2E0075B842 /* MediaPlayer.framework in Frameworks */,
				4218AC2A4E6A6BF88680AC35 /* Pods_cctv_ios.framework in Frameworks */,
			);
			runOnlyForDeploymentPostprocessing = 0;
		};
		3FBB97381DD9038600537C32 /* Frameworks */ = {
			isa = PBXFrameworksBuildPhase;
			buildActionMask = 2147483647;
			files = (
				147F40395621AFB511F6552B /* Pods_cctv_iosTests.framework in Frameworks */,
			);
			runOnlyForDeploymentPostprocessing = 0;
		};
		3FBB97431DD9038600537C32 /* Frameworks */ = {
			isa = PBXFrameworksBuildPhase;
			buildActionMask = 2147483647;
			files = (
				4E11CE78C5893BE5E4CA6C71 /* Pods_cctv_iosUITests.framework in Frameworks */,
			);
			runOnlyForDeploymentPostprocessing = 0;
		};
/* End PBXFrameworksBuildPhase section */

/* Begin PBXGroup section */
		37EEC1B1E0FFF62F3AE1BE38 /* Pods */ = {
			isa = PBXGroup;
			children = (
				E7C1E60D4E0A34A9ED9146A7 /* Pods-cctv-ios.debug.xcconfig */,
				8E6F543597C2390FADE0D9D6 /* Pods-cctv-ios.release.xcconfig */,
				67FC0E3547ACDB83AA148AB0 /* Pods-cctv-iosTests.debug.xcconfig */,
				E76FE59D50621B0BBB874999 /* Pods-cctv-iosTests.release.xcconfig */,
				0F9C9AF282C12D3EE3D52582 /* Pods-cctv-iosUITests.debug.xcconfig */,
				2143086C1D7DC938A20BF3C9 /* Pods-cctv-iosUITests.release.xcconfig */,
			);
			name = Pods;
			sourceTree = "<group>";
		};
		3FBB971E1DD9038600537C32 = {
			isa = PBXGroup;
			children = (
				3FBB97291DD9038600537C32 /* cctv-ios */,
				3FBB973E1DD9038600537C32 /* cctv-iosTests */,
				3FBB97491DD9038600537C32 /* cctv-iosUITests */,
				3FBB97281DD9038600537C32 /* Products */,
				968EDA231DEB7D2E0075B842 /* Frameworks */,
				37EEC1B1E0FFF62F3AE1BE38 /* Pods */,
			);
			sourceTree = "<group>";
		};
		3FBB97281DD9038600537C32 /* Products */ = {
			isa = PBXGroup;
			children = (
				3FBB97271DD9038600537C32 /* cctv-ios.app */,
				3FBB973B1DD9038600537C32 /* cctv-iosTests.xctest */,
				3FBB97461DD9038600537C32 /* cctv-iosUITests.xctest */,
			);
			name = Products;
			sourceTree = "<group>";
		};
		3FBB97291DD9038600537C32 /* cctv-ios */ = {
			isa = PBXGroup;
			children = (
				A744BBB21DF7B6EF00495E8A /* repository */,
				3FBB972A1DD9038600537C32 /* AppDelegate.swift */,
				3FBB972C1DD9038600537C32 /* ViewController.swift */,
				963BA2241DF86140005C9EDA /* ScheduleViewController.swift */,
				969C3A751E00921000F3B65A /* Streams.plist */,
				960BFC871DFB0BD600CEC150 /* StreamViewController.swift */,
				3FBB972E1DD9038600537C32 /* Main.storyboard */,
				3FBB97331DD9038600537C32 /* LaunchScreen.storyboard */,
				3FBB97361DD9038600537C32 /* Info.plist */,
				3FBB97311DD9038600537C32 /* Assets.xcassets */,
				A794A6A91DF4EEAD0089FB1A /* models */,
			);
			path = "cctv-ios";
			sourceTree = "<group>";
		};
		3FBB973E1DD9038600537C32 /* cctv-iosTests */ = {
			isa = PBXGroup;
			children = (
				3FBB973F1DD9038600537C32 /* cctv_iosTests.swift */,
				3FBB97411DD9038600537C32 /* Info.plist */,
			);
			path = "cctv-iosTests";
			sourceTree = "<group>";
		};
		3FBB97491DD9038600537C32 /* cctv-iosUITests */ = {
			isa = PBXGroup;
			children = (
				3FBB974A1DD9038600537C32 /* cctv_iosUITests.swift */,
				3FBB974C1DD9038600537C32 /* Info.plist */,
			);
			path = "cctv-iosUITests";
			sourceTree = "<group>";
		};
		968EDA231DEB7D2E0075B842 /* Frameworks */ = {
			isa = PBXGroup;
			children = (
				968EDA241DEB7D2E0075B842 /* MediaPlayer.framework */,
				7AD3014EFC2B6BCC3A40F606 /* Pods_cctv_ios.framework */,
				EEF90978151BFAEDD7BB6E64 /* Pods_cctv_iosTests.framework */,
				2A5C11911FE5A3EBE656E5FB /* Pods_cctv_iosUITests.framework */,
			);
			name = Frameworks;
			sourceTree = "<group>";
		};
		A744BBB21DF7B6EF00495E8A /* repository */ = {
			isa = PBXGroup;
			children = (
				A744BBB31DF7B7B100495E8A /* RepositoryRetrieval.swift */,
			);
			name = repository;
			sourceTree = "<group>";
		};
		A794A6A91DF4EEAD0089FB1A /* models */ = {
			isa = PBXGroup;
			children = (
				963327721DF7FC3F009E0E97 /* ScheduleTableViewCell.swift */,
				96473CBC1DF52F5800B1C4EB /* ArchiveTableViewCell.swift */,
				A794A6AA1DF4EECB0089FB1A /* Uri.swift */,
				A7A80DDB1DF743660041727C /* Archive.swift */,
				A7A80DDF1DF743B50041727C /* Schedule.swift */,
				A7A80DE11DF743D10041727C /* Schedules.swift */,
				A7A80DE51DF744090041727C /* Locals.swift */,
				A744BBB71DF7F0BB00495E8A /* ArchivesFound.swift */,
				A744BBBB1DF8034F00495E8A /* Globals.swift */,
			);
			name = models;
			sourceTree = "<group>";
		};
/* End PBXGroup section */

/* Begin PBXNativeTarget section */
		3FBB97261DD9038600537C32 /* cctv-ios */ = {
			isa = PBXNativeTarget;
			buildConfigurationList = 3FBB974F1DD9038600537C32 /* Build configuration list for PBXNativeTarget "cctv-ios" */;
			buildPhases = (
				79FC7C652734901C1E216469 /* [CP] Check Pods Manifest.lock */,
				3FBB97231DD9038600537C32 /* Sources */,
				3FBB97241DD9038600537C32 /* Frameworks */,
				3FBB97251DD9038600537C32 /* Resources */,
				77A6AC2B22C8E92479B6F7AA /* [CP] Embed Pods Frameworks */,
				DEED231DE81B537667354DB4 /* [CP] Copy Pods Resources */,
			);
			buildRules = (
			);
			dependencies = (
			);
			name = "cctv-ios";
			productName = "cctv-ios";
			productReference = 3FBB97271DD9038600537C32 /* cctv-ios.app */;
			productType = "com.apple.product-type.application";
		};
		3FBB973A1DD9038600537C32 /* cctv-iosTests */ = {
			isa = PBXNativeTarget;
			buildConfigurationList = 3FBB97521DD9038600537C32 /* Build configuration list for PBXNativeTarget "cctv-iosTests" */;
			buildPhases = (
				460DEBC2D6B9708583225C74 /* [CP] Check Pods Manifest.lock */,
				3FBB97371DD9038600537C32 /* Sources */,
				3FBB97381DD9038600537C32 /* Frameworks */,
				3FBB97391DD9038600537C32 /* Resources */,
				22501B18777DF5067DAFF796 /* [CP] Embed Pods Frameworks */,
				EE2252506CABACFA80ED8BA3 /* [CP] Copy Pods Resources */,
			);
			buildRules = (
			);
			dependencies = (
				3FBB973D1DD9038600537C32 /* PBXTargetDependency */,
			);
			name = "cctv-iosTests";
			productName = "cctv-iosTests";
			productReference = 3FBB973B1DD9038600537C32 /* cctv-iosTests.xctest */;
			productType = "com.apple.product-type.bundle.unit-test";
		};
		3FBB97451DD9038600537C32 /* cctv-iosUITests */ = {
			isa = PBXNativeTarget;
			buildConfigurationList = 3FBB97551DD9038600537C32 /* Build configuration list for PBXNativeTarget "cctv-iosUITests" */;
			buildPhases = (
				67CBCD6038C46E5EFFE7337A /* [CP] Check Pods Manifest.lock */,
				3FBB97421DD9038600537C32 /* Sources */,
				3FBB97431DD9038600537C32 /* Frameworks */,
				3FBB97441DD9038600537C32 /* Resources */,
				A5CEB8B58CC0E8E9D77755F3 /* [CP] Embed Pods Frameworks */,
				283767DB22D35C069C28B504 /* [CP] Copy Pods Resources */,
			);
			buildRules = (
			);
			dependencies = (
				3FBB97481DD9038600537C32 /* PBXTargetDependency */,
			);
			name = "cctv-iosUITests";
			productName = "cctv-iosUITests";
			productReference = 3FBB97461DD9038600537C32 /* cctv-iosUITests.xctest */;
			productType = "com.apple.product-type.bundle.ui-testing";
		};
/* End PBXNativeTarget section */

/* Begin PBXProject section */
		3FBB971F1DD9038600537C32 /* Project object */ = {
			isa = PBXProject;
			attributes = {
				LastSwiftUpdateCheck = 0720;
				LastUpgradeCheck = 0810;
				ORGANIZATIONNAME = Student;
				TargetAttributes = {
					3FBB97261DD9038600537C32 = {
						CreatedOnToolsVersion = 7.2;
						LastSwiftMigration = 0810;
					};
					3FBB973A1DD9038600537C32 = {
						CreatedOnToolsVersion = 7.2;
						LastSwiftMigration = 0810;
						TestTargetID = 3FBB97261DD9038600537C32;
					};
					3FBB97451DD9038600537C32 = {
						CreatedOnToolsVersion = 7.2;
						LastSwiftMigration = 0810;
						TestTargetID = 3FBB97261DD9038600537C32;
					};
				};
			};
			buildConfigurationList = 3FBB97221DD9038600537C32 /* Build configuration list for PBXProject "cctv-ios" */;
			compatibilityVersion = "Xcode 3.2";
			developmentRegion = English;
			hasScannedForEncodings = 0;
			knownRegions = (
				en,
				Base,
			);
			mainGroup = 3FBB971E1DD9038600537C32;
			productRefGroup = 3FBB97281DD9038600537C32 /* Products */;
			projectDirPath = "";
			projectRoot = "";
			targets = (
				3FBB97261DD9038600537C32 /* cctv-ios */,
				3FBB973A1DD9038600537C32 /* cctv-iosTests */,
				3FBB97451DD9038600537C32 /* cctv-iosUITests */,
			);
		};
/* End PBXProject section */

/* Begin PBXResourcesBuildPhase section */
		3FBB97251DD9038600537C32 /* Resources */ = {
			isa = PBXResourcesBuildPhase;
			buildActionMask = 2147483647;
			files = (
				3FBB97351DD9038600537C32 /* LaunchScreen.storyboard in Resources */,
				3FBB97321DD9038600537C32 /* Assets.xcassets in Resources */,
				969C3A761E00921000F3B65A /* Streams.plist in Resources */,
				3FBB97301DD9038600537C32 /* Main.storyboard in Resources */,
			);
			runOnlyForDeploymentPostprocessing = 0;
		};
		3FBB97391DD9038600537C32 /* Resources */ = {
			isa = PBXResourcesBuildPhase;
			buildActionMask = 2147483647;
			files = (
			);
			runOnlyForDeploymentPostprocessing = 0;
		};
		3FBB97441DD9038600537C32 /* Resources */ = {
			isa = PBXResourcesBuildPhase;
			buildActionMask = 2147483647;
			files = (
			);
			runOnlyForDeploymentPostprocessing = 0;
		};
/* End PBXResourcesBuildPhase section */

/* Begin PBXShellScriptBuildPhase section */
		22501B18777DF5067DAFF796 /* [CP] Embed Pods Frameworks */ = {
			isa = PBXShellScriptBuildPhase;
			buildActionMask = 2147483647;
			files = (
			);
			inputPaths = (
			);
			name = "[CP] Embed Pods Frameworks";
			outputPaths = (
			);
			runOnlyForDeploymentPostprocessing = 0;
			shellPath = /bin/sh;
			shellScript = "\"${SRCROOT}/Pods/Target Support Files/Pods-cctv-iosTests/Pods-cctv-iosTests-frameworks.sh\"\n";
			showEnvVarsInLog = 0;
		};
		283767DB22D35C069C28B504 /* [CP] Copy Pods Resources */ = {
			isa = PBXShellScriptBuildPhase;
			buildActionMask = 2147483647;
			files = (
			);
			inputPaths = (
			);
			name = "[CP] Copy Pods Resources";
			outputPaths = (
			);
			runOnlyForDeploymentPostprocessing = 0;
			shellPath = /bin/sh;
			shellScript = "\"${SRCROOT}/Pods/Target Support Files/Pods-cctv-iosUITests/Pods-cctv-iosUITests-resources.sh\"\n";
			showEnvVarsInLog = 0;
		};
		460DEBC2D6B9708583225C74 /* [CP] Check Pods Manifest.lock */ = {
			isa = PBXShellScriptBuildPhase;
			buildActionMask = 2147483647;
			files = (
			);
			inputPaths = (
			);
			name = "[CP] Check Pods Manifest.lock";
			outputPaths = (
			);
			runOnlyForDeploymentPostprocessing = 0;
			shellPath = /bin/sh;
			shellScript = "diff \"${PODS_ROOT}/../Podfile.lock\" \"${PODS_ROOT}/Manifest.lock\" > /dev/null\nif [ $? != 0 ] ; then\n    # print error to STDERR\n    echo \"error: The sandbox is not in sync with the Podfile.lock. Run 'pod install' or update your CocoaPods installation.\" >&2\n    exit 1\nfi\n";
			showEnvVarsInLog = 0;
		};
		67CBCD6038C46E5EFFE7337A /* [CP] Check Pods Manifest.lock */ = {
			isa = PBXShellScriptBuildPhase;
			buildActionMask = 2147483647;
			files = (
			);
			inputPaths = (
			);
			name = "[CP] Check Pods Manifest.lock";
			outputPaths = (
			);
			runOnlyForDeploymentPostprocessing = 0;
			shellPath = /bin/sh;
			shellScript = "diff \"${PODS_ROOT}/../Podfile.lock\" \"${PODS_ROOT}/Manifest.lock\" > /dev/null\nif [ $? != 0 ] ; then\n    # print error to STDERR\n    echo \"error: The sandbox is not in sync with the Podfile.lock. Run 'pod install' or update your CocoaPods installation.\" >&2\n    exit 1\nfi\n";
			showEnvVarsInLog = 0;
		};
		77A6AC2B22C8E92479B6F7AA /* [CP] Embed Pods Frameworks */ = {
			isa = PBXShellScriptBuildPhase;
			buildActionMask = 2147483647;
			files = (
			);
			inputPaths = (
			);
			name = "[CP] Embed Pods Frameworks";
			outputPaths = (
			);
			runOnlyForDeploymentPostprocessing = 0;
			shellPath = /bin/sh;
			shellScript = "\"${SRCROOT}/Pods/Target Support Files/Pods-cctv-ios/Pods-cctv-ios-frameworks.sh\"\n";
			showEnvVarsInLog = 0;
		};
		79FC7C652734901C1E216469 /* [CP] Check Pods Manifest.lock */ = {
			isa = PBXShellScriptBuildPhase;
			buildActionMask = 2147483647;
			files = (
			);
			inputPaths = (
			);
			name = "[CP] Check Pods Manifest.lock";
			outputPaths = (
			);
			runOnlyForDeploymentPostprocessing = 0;
			shellPath = /bin/sh;
			shellScript = "diff \"${PODS_ROOT}/../Podfile.lock\" \"${PODS_ROOT}/Manifest.lock\" > /dev/null\nif [ $? != 0 ] ; then\n    # print error to STDERR\n    echo \"error: The sandbox is not in sync with the Podfile.lock. Run 'pod install' or update your CocoaPods installation.\" >&2\n    exit 1\nfi\n";
			showEnvVarsInLog = 0;
		};
		A5CEB8B58CC0E8E9D77755F3 /* [CP] Embed Pods Frameworks */ = {
			isa = PBXShellScriptBuildPhase;
			buildActionMask = 2147483647;
			files = (
			);
			inputPaths = (
			);
			name = "[CP] Embed Pods Frameworks";
			outputPaths = (
			);
			runOnlyForDeploymentPostprocessing = 0;
			shellPath = /bin/sh;
			shellScript = "\"${SRCROOT}/Pods/Target Support Files/Pods-cctv-iosUITests/Pods-cctv-iosUITests-frameworks.sh\"\n";
			showEnvVarsInLog = 0;
		};
		DEED231DE81B537667354DB4 /* [CP] Copy Pods Resources */ = {
			isa = PBXShellScriptBuildPhase;
			buildActionMask = 2147483647;
			files = (
			);
			inputPaths = (
			);
			name = "[CP] Copy Pods Resources";
			outputPaths = (
			);
			runOnlyForDeploymentPostprocessing = 0;
			shellPath = /bin/sh;
			shellScript = "\"${SRCROOT}/Pods/Target Support Files/Pods-cctv-ios/Pods-cctv-ios-resources.sh\"\n";
			showEnvVarsInLog = 0;
		};
		EE2252506CABACFA80ED8BA3 /* [CP] Copy Pods Resources */ = {
			isa = PBXShellScriptBuildPhase;
			buildActionMask = 2147483647;
			files = (
			);
			inputPaths = (
			);
			name = "[CP] Copy Pods Resources";
			outputPaths = (
			);
			runOnlyForDeploymentPostprocessing = 0;
			shellPath = /bin/sh;
			shellScript = "\"${SRCROOT}/Pods/Target Support Files/Pods-cctv-iosTests/Pods-cctv-iosTests-resources.sh\"\n";
			showEnvVarsInLog = 0;
		};
/* End PBXShellScriptBuildPhase section */

/* Begin PBXSourcesBuildPhase section */
		3FBB97231DD9038600537C32 /* Sources */ = {
			isa = PBXSourcesBuildPhase;
			buildActionMask = 2147483647;
			files = (
				963BA2251DF86140005C9EDA /* ScheduleViewController.swift in Sources */,
				96473CBD1DF52F5800B1C4EB /* ArchiveTableViewCell.swift in Sources */,
				A7A80DE01DF743B50041727C /* Schedule.swift in Sources */,
				963327731DF7FC3F009E0E97 /* ScheduleTableViewCell.swift in Sources */,
				A7A80DE21DF743D20041727C /* Schedules.swift in Sources */,
				A7A80DE61DF744090041727C /* Locals.swift in Sources */,
				960BFC881DFB0BD600CEC150 /* StreamViewController.swift in Sources */,
				A744BBB81DF7F0BB00495E8A /* ArchivesFound.swift in Sources */,
				A794A6AB1DF4EECB0089FB1A /* Uri.swift in Sources */,
				A744BBB41DF7B7B100495E8A /* RepositoryRetrieval.swift in Sources */,
				A744BBBC1DF8034F00495E8A /* Globals.swift in Sources */,
				3FBB972D1DD9038600537C32 /* ViewController.swift in Sources */,
				3FBB972B1DD9038600537C32 /* AppDelegate.swift in Sources */,
				A7A80DDC1DF743660041727C /* Archive.swift in Sources */,
			);
			runOnlyForDeploymentPostprocessing = 0;
		};
		3FBB97371DD9038600537C32 /* Sources */ = {
			isa = PBXSourcesBuildPhase;
			buildActionMask = 2147483647;
			files = (
				3FBB97401DD9038600537C32 /* cctv_iosTests.swift in Sources */,
			);
			runOnlyForDeploymentPostprocessing = 0;
		};
		3FBB97421DD9038600537C32 /* Sources */ = {
			isa = PBXSourcesBuildPhase;
			buildActionMask = 2147483647;
			files = (
				3FBB974B1DD9038600537C32 /* cctv_iosUITests.swift in Sources */,
			);
			runOnlyForDeploymentPostprocessing = 0;
		};
/* End PBXSourcesBuildPhase section */

/* Begin PBXTargetDependency section */
		3FBB973D1DD9038600537C32 /* PBXTargetDependency */ = {
			isa = PBXTargetDependency;
			target = 3FBB97261DD9038600537C32 /* cctv-ios */;
			targetProxy = 3FBB973C1DD9038600537C32 /* PBXContainerItemProxy */;
		};
		3FBB97481DD9038600537C32 /* PBXTargetDependency */ = {
			isa = PBXTargetDependency;
			target = 3FBB97261DD9038600537C32 /* cctv-ios */;
			targetProxy = 3FBB97471DD9038600537C32 /* PBXContainerItemProxy */;
		};
/* End PBXTargetDependency section */

/* Begin PBXVariantGroup section */
		3FBB972E1DD9038600537C32 /* Main.storyboard */ = {
			isa = PBXVariantGroup;
			children = (
				3FBB972F1DD9038600537C32 /* Base */,
				3FBB975B1DD90A3E00537C32 /* en */,
			);
			name = Main.storyboard;
			sourceTree = "<group>";
		};
		3FBB97331DD9038600537C32 /* LaunchScreen.storyboard */ = {
			isa = PBXVariantGroup;
			children = (
				3FBB97341DD9038600537C32 /* Base */,
				3F7B6E971DD910D900D9303A /* en */,
			);
			name = LaunchScreen.storyboard;
			sourceTree = "<group>";
		};
/* End PBXVariantGroup section */

/* Begin XCBuildConfiguration section */
		3FBB974D1DD9038600537C32 /* Debug */ = {
			isa = XCBuildConfiguration;
			buildSettings = {
				ALWAYS_SEARCH_USER_PATHS = NO;
				CLANG_CXX_LANGUAGE_STANDARD = "gnu++0x";
				CLANG_CXX_LIBRARY = "libc++";
				CLANG_ENABLE_MODULES = YES;
				CLANG_ENABLE_OBJC_ARC = YES;
				CLANG_WARN_BOOL_CONVERSION = YES;
				CLANG_WARN_CONSTANT_CONVERSION = YES;
				CLANG_WARN_DIRECT_OBJC_ISA_USAGE = YES_ERROR;
				CLANG_WARN_EMPTY_BODY = YES;
				CLANG_WARN_ENUM_CONVERSION = YES;
				CLANG_WARN_INFINITE_RECURSION = YES;
				CLANG_WARN_INT_CONVERSION = YES;
				CLANG_WARN_OBJC_ROOT_CLASS = YES_ERROR;
				CLANG_WARN_SUSPICIOUS_MOVE = YES;
				CLANG_WARN_UNREACHABLE_CODE = YES;
				CLANG_WARN__DUPLICATE_METHOD_MATCH = YES;
				"CODE_SIGN_IDENTITY[sdk=iphoneos*]" = "iPhone Developer";
				COPY_PHASE_STRIP = NO;
				DEBUG_INFORMATION_FORMAT = dwarf;
				ENABLE_STRICT_OBJC_MSGSEND = YES;
				ENABLE_TESTABILITY = YES;
				GCC_C_LANGUAGE_STANDARD = gnu99;
				GCC_DYNAMIC_NO_PIC = NO;
				GCC_NO_COMMON_BLOCKS = YES;
				GCC_OPTIMIZATION_LEVEL = 0;
				GCC_PREPROCESSOR_DEFINITIONS = (
					"DEBUG=1",
					"$(inherited)",
				);
				GCC_WARN_64_TO_32_BIT_CONVERSION = YES;
				GCC_WARN_ABOUT_RETURN_TYPE = YES_ERROR;
				GCC_WARN_UNDECLARED_SELECTOR = YES;
				GCC_WARN_UNINITIALIZED_AUTOS = YES_AGGRESSIVE;
				GCC_WARN_UNUSED_FUNCTION = YES;
				GCC_WARN_UNUSED_VARIABLE = YES;
				IPHONEOS_DEPLOYMENT_TARGET = 9.2;
				MTL_ENABLE_DEBUG_INFO = YES;
				ONLY_ACTIVE_ARCH = YES;
				SDKROOT = iphoneos;
				SWIFT_OPTIMIZATION_LEVEL = "-Onone";
				TARGETED_DEVICE_FAMILY = "1,2";
			};
			name = Debug;
		};
		3FBB974E1DD9038600537C32 /* Release */ = {
			isa = XCBuildConfiguration;
			buildSettings = {
				ALWAYS_SEARCH_USER_PATHS = NO;
				CLANG_CXX_LANGUAGE_STANDARD = "gnu++0x";
				CLANG_CXX_LIBRARY = "libc++";
				CLANG_ENABLE_MODULES = YES;
				CLANG_ENABLE_OBJC_ARC = YES;
				CLANG_WARN_BOOL_CONVERSION = YES;
				CLANG_WARN_CONSTANT_CONVERSION = YES;
				CLANG_WARN_DIRECT_OBJC_ISA_USAGE = YES_ERROR;
				CLANG_WARN_EMPTY_BODY = YES;
				CLANG_WARN_ENUM_CONVERSION = YES;
				CLANG_WARN_INFINITE_RECURSION = YES;
				CLANG_WARN_INT_CONVERSION = YES;
				CLANG_WARN_OBJC_ROOT_CLASS = YES_ERROR;
				CLANG_WARN_SUSPICIOUS_MOVE = YES;
				CLANG_WARN_UNREACHABLE_CODE = YES;
				CLANG_WARN__DUPLICATE_METHOD_MATCH = YES;
				"CODE_SIGN_IDENTITY[sdk=iphoneos*]" = "iPhone Developer";
				COPY_PHASE_STRIP = NO;
				DEBUG_INFORMATION_FORMAT = "dwarf-with-dsym";
				ENABLE_NS_ASSERTIONS = NO;
				ENABLE_STRICT_OBJC_MSGSEND = YES;
				GCC_C_LANGUAGE_STANDARD = gnu99;
				GCC_NO_COMMON_BLOCKS = YES;
				GCC_WARN_64_TO_32_BIT_CONVERSION = YES;
				GCC_WARN_ABOUT_RETURN_TYPE = YES_ERROR;
				GCC_WARN_UNDECLARED_SELECTOR = YES;
				GCC_WARN_UNINITIALIZED_AUTOS = YES_AGGRESSIVE;
				GCC_WARN_UNUSED_FUNCTION = YES;
				GCC_WARN_UNUSED_VARIABLE = YES;
				IPHONEOS_DEPLOYMENT_TARGET = 9.2;
				MTL_ENABLE_DEBUG_INFO = NO;
				SDKROOT = iphoneos;
				SWIFT_OPTIMIZATION_LEVEL = "-Owholemodule";
				TARGETED_DEVICE_FAMILY = "1,2";
				VALIDATE_PRODUCT = YES;
			};
			name = Release;
		};
		3FBB97501DD9038600537C32 /* Debug */ = {
			isa = XCBuildConfiguration;
			baseConfigurationReference = E7C1E60D4E0A34A9ED9146A7 /* Pods-cctv-ios.debug.xcconfig */;
			buildSettings = {
				ALWAYS_EMBED_SWIFT_STANDARD_LIBRARIES = YES;
				ASSETCATALOG_COMPILER_APPICON_NAME = AppIcon;
				INFOPLIST_FILE = "cctv-ios/Info.plist";
				LD_RUNPATH_SEARCH_PATHS = "$(inherited) @executable_path/Frameworks";
				PRODUCT_BUNDLE_IDENTIFIER = "jclau.cctv-ios";
				PRODUCT_NAME = "$(TARGET_NAME)";
				SWIFT_VERSION = 3.0;
			};
			name = Debug;
		};
		3FBB97511DD9038600537C32 /* Release */ = {
			isa = XCBuildConfiguration;
			baseConfigurationReference = 8E6F543597C2390FADE0D9D6 /* Pods-cctv-ios.release.xcconfig */;
			buildSettings = {
				ALWAYS_EMBED_SWIFT_STANDARD_LIBRARIES = YES;
				ASSETCATALOG_COMPILER_APPICON_NAME = AppIcon;
				INFOPLIST_FILE = "cctv-ios/Info.plist";
				LD_RUNPATH_SEARCH_PATHS = "$(inherited) @executable_path/Frameworks";
				PRODUCT_BUNDLE_IDENTIFIER = "jclau.cctv-ios";
				PRODUCT_NAME = "$(TARGET_NAME)";
				SWIFT_VERSION = 3.0;
			};
			name = Release;
		};
		3FBB97531DD9038600537C32 /* Debug */ = {
			isa = XCBuildConfiguration;
			baseConfigurationReference = 67FC0E3547ACDB83AA148AB0 /* Pods-cctv-iosTests.debug.xcconfig */;
			buildSettings = {
				BUNDLE_LOADER = "$(TEST_HOST)";
				INFOPLIST_FILE = "cctv-iosTests/Info.plist";
				LD_RUNPATH_SEARCH_PATHS = "$(inherited) @executable_path/Frameworks @loader_path/Frameworks";
				PRODUCT_BUNDLE_IDENTIFIER = "jclau.cctv-iosTests";
				PRODUCT_NAME = "$(TARGET_NAME)";
				SWIFT_VERSION = 3.0;
				TEST_HOST = "$(BUILT_PRODUCTS_DIR)/cctv-ios.app/cctv-ios";
			};
			name = Debug;
		};
		3FBB97541DD9038600537C32 /* Release */ = {
			isa = XCBuildConfiguration;
			baseConfigurationReference = E76FE59D50621B0BBB874999 /* Pods-cctv-iosTests.release.xcconfig */;
			buildSettings = {
				BUNDLE_LOADER = "$(TEST_HOST)";
				INFOPLIST_FILE = "cctv-iosTests/Info.plist";
				LD_RUNPATH_SEARCH_PATHS = "$(inherited) @executable_path/Frameworks @loader_path/Frameworks";
				PRODUCT_BUNDLE_IDENTIFIER = "jclau.cctv-iosTests";
				PRODUCT_NAME = "$(TARGET_NAME)";
				SWIFT_VERSION = 3.0;
				TEST_HOST = "$(BUILT_PRODUCTS_DIR)/cctv-ios.app/cctv-ios";
			};
			name = Release;
		};
		3FBB97561DD9038600537C32 /* Debug */ = {
			isa = XCBuildConfiguration;
			baseConfigurationReference = 0F9C9AF282C12D3EE3D52582 /* Pods-cctv-iosUITests.debug.xcconfig */;
			buildSettings = {
				INFOPLIST_FILE = "cctv-iosUITests/Info.plist";
				LD_RUNPATH_SEARCH_PATHS = "$(inherited) @executable_path/Frameworks @loader_path/Frameworks";
				PRODUCT_BUNDLE_IDENTIFIER = "jclau.cctv-iosUITests";
				PRODUCT_NAME = "$(TARGET_NAME)";
				SWIFT_VERSION = 3.0;
				TEST_TARGET_NAME = "cctv-ios";
				USES_XCTRUNNER = YES;
			};
			name = Debug;
		};
		3FBB97571DD9038600537C32 /* Release */ = {
			isa = XCBuildConfiguration;
			baseConfigurationReference = 2143086C1D7DC938A20BF3C9 /* Pods-cctv-iosUITests.release.xcconfig */;
			buildSettings = {
				INFOPLIST_FILE = "cctv-iosUITests/Info.plist";
				LD_RUNPATH_SEARCH_PATHS = "$(inherited) @executable_path/Frameworks @loader_path/Frameworks";
				PRODUCT_BUNDLE_IDENTIFIER = "jclau.cctv-iosUITests";
				PRODUCT_NAME = "$(TARGET_NAME)";
				SWIFT_VERSION = 3.0;
				TEST_TARGET_NAME = "cctv-ios";
				USES_XCTRUNNER = YES;
			};
			name = Release;
		};
/* End XCBuildConfiguration section */

/* Begin XCConfigurationList section */
		3FBB97221DD9038600537C32 /* Build configuration list for PBXProject "cctv-ios" */ = {
			isa = XCConfigurationList;
			buildConfigurations = (
				3FBB974D1DD9038600537C32 /* Debug */,
				3FBB974E1DD9038600537C32 /* Release */,
			);
			defaultConfigurationIsVisible = 0;
			defaultConfigurationName = Release;
		};
		3FBB974F1DD9038600537C32 /* Build configuration list for PBXNativeTarget "cctv-ios" */ = {
			isa = XCConfigurationList;
			buildConfigurations = (
				3FBB97501DD9038600537C32 /* Debug */,
				3FBB97511DD9038600537C32 /* Release */,
			);
			defaultConfigurationIsVisible = 0;
			defaultConfigurationName = Release;
		};
		3FBB97521DD9038600537C32 /* Build configuration list for PBXNativeTarget "cctv-iosTests" */ = {
			isa = XCConfigurationList;
			buildConfigurations = (
				3FBB97531DD9038600537C32 /* Debug */,
				3FBB97541DD9038600537C32 /* Release */,
			);
			defaultConfigurationIsVisible = 0;
			defaultConfigurationName = Release;
		};
		3FBB97551DD9038600537C32 /* Build configuration list for PBXNativeTarget "cctv-iosUITests" */ = {
			isa = XCConfigurationList;
			buildConfigurations = (
				3FBB97561DD9038600537C32 /* Debug */,
				3FBB97571DD9038600537C32 /* Release */,
			);
			defaultConfigurationIsVisible = 0;
			defaultConfigurationName = Release;
		};
/* End XCConfigurationList section */
	};
	rootObject = 3FBB971F1DD9038600537C32 /* Project object */;
}
