// !$*UTF8*$!
{
	archiveVersion = 1;
	classes = {
	};
	objectVersion = 46;
	objects = {

/* Begin PBXBuildFile section */
		3F12E0B81DD25DAA00BCA008 /* AppDelegate.swift in Sources */ = {isa = PBXBuildFile; fileRef = 3F12E0B71DD25DAA00BCA008 /* AppDelegate.swift */; };
		3F12E0BA1DD25DAA00BCA008 /* ViewController.swift in Sources */ = {isa = PBXBuildFile; fileRef = 3F12E0B91DD25DAA00BCA008 /* ViewController.swift */; };
		3F12E0BF1DD25DAA00BCA008 /* Assets.xcassets in Resources */ = {isa = PBXBuildFile; fileRef = 3F12E0BE1DD25DAA00BCA008 /* Assets.xcassets */; };
		3F12E0C21DD25DAA00BCA008 /* LaunchScreen.storyboard in Resources */ = {isa = PBXBuildFile; fileRef = 3F12E0C01DD25DAA00BCA008 /* LaunchScreen.storyboard */; };
		3F12E0CD1DD25DAA00BCA008 /* cctv_iosTests.swift in Sources */ = {isa = PBXBuildFile; fileRef = 3F12E0CC1DD25DAA00BCA008 /* cctv_iosTests.swift */; };
		3F12E0D81DD25DAA00BCA008 /* cctv_iosUITests.swift in Sources */ = {isa = PBXBuildFile; fileRef = 3F12E0D71DD25DAA00BCA008 /* cctv_iosUITests.swift */; };
		3F12E0E71DD25DC500BCA008 /* Main.storyboard in Resources */ = {isa = PBXBuildFile; fileRef = 3F12E0E51DD25DC500BCA008 /* Main.storyboard */; };
		3F12E0E91DD25E3500BCA008 /* archivesViewController.swift in Sources */ = {isa = PBXBuildFile; fileRef = 3F12E0E81DD25E3500BCA008 /* archivesViewController.swift */; };
		3F12E0EB1DD25E4300BCA008 /* schedulesViewController.swift in Sources */ = {isa = PBXBuildFile; fileRef = 3F12E0EA1DD25E4300BCA008 /* schedulesViewController.swift */; };
		3F12E0ED1DD25E5E00BCA008 /* streamingViewController.swift in Sources */ = {isa = PBXBuildFile; fileRef = 3F12E0EC1DD25E5E00BCA008 /* streamingViewController.swift */; };
/* End PBXBuildFile section */

/* Begin PBXContainerItemProxy section */
		3F12E0C91DD25DAA00BCA008 /* PBXContainerItemProxy */ = {
			isa = PBXContainerItemProxy;
			containerPortal = 3F12E0AC1DD25DAA00BCA008 /* Project object */;
			proxyType = 1;
			remoteGlobalIDString = 3F12E0B31DD25DAA00BCA008;
			remoteInfo = "cctv-ios";
		};
		3F12E0D41DD25DAA00BCA008 /* PBXContainerItemProxy */ = {
			isa = PBXContainerItemProxy;
			containerPortal = 3F12E0AC1DD25DAA00BCA008 /* Project object */;
			proxyType = 1;
			remoteGlobalIDString = 3F12E0B31DD25DAA00BCA008;
			remoteInfo = "cctv-ios";
		};
/* End PBXContainerItemProxy section */

/* Begin PBXFileReference section */
		3F12E0B41DD25DAA00BCA008 /* cctv-ios.app */ = {isa = PBXFileReference; explicitFileType = wrapper.application; includeInIndex = 0; path = "cctv-ios.app"; sourceTree = BUILT_PRODUCTS_DIR; };
		3F12E0B71DD25DAA00BCA008 /* AppDelegate.swift */ = {isa = PBXFileReference; lastKnownFileType = sourcecode.swift; path = AppDelegate.swift; sourceTree = "<group>"; };
		3F12E0B91DD25DAA00BCA008 /* ViewController.swift */ = {isa = PBXFileReference; lastKnownFileType = sourcecode.swift; path = ViewController.swift; sourceTree = "<group>"; };
		3F12E0BE1DD25DAA00BCA008 /* Assets.xcassets */ = {isa = PBXFileReference; lastKnownFileType = folder.assetcatalog; path = Assets.xcassets; sourceTree = "<group>"; };
		3F12E0C11DD25DAA00BCA008 /* Base */ = {isa = PBXFileReference; lastKnownFileType = file.storyboard; name = Base; path = Base.lproj/LaunchScreen.storyboard; sourceTree = "<group>"; };
		3F12E0C31DD25DAA00BCA008 /* Info.plist */ = {isa = PBXFileReference; lastKnownFileType = text.plist.xml; path = Info.plist; sourceTree = "<group>"; };
		3F12E0C81DD25DAA00BCA008 /* cctv-iosTests.xctest */ = {isa = PBXFileReference; explicitFileType = wrapper.cfbundle; includeInIndex = 0; path = "cctv-iosTests.xctest"; sourceTree = BUILT_PRODUCTS_DIR; };
		3F12E0CC1DD25DAA00BCA008 /* cctv_iosTests.swift */ = {isa = PBXFileReference; lastKnownFileType = sourcecode.swift; path = cctv_iosTests.swift; sourceTree = "<group>"; };
		3F12E0CE1DD25DAA00BCA008 /* Info.plist */ = {isa = PBXFileReference; lastKnownFileType = text.plist.xml; path = Info.plist; sourceTree = "<group>"; };
		3F12E0D31DD25DAA00BCA008 /* cctv-iosUITests.xctest */ = {isa = PBXFileReference; explicitFileType = wrapper.cfbundle; includeInIndex = 0; path = "cctv-iosUITests.xctest"; sourceTree = BUILT_PRODUCTS_DIR; };
		3F12E0D71DD25DAA00BCA008 /* cctv_iosUITests.swift */ = {isa = PBXFileReference; lastKnownFileType = sourcecode.swift; path = cctv_iosUITests.swift; sourceTree = "<group>"; };
		3F12E0D91DD25DAA00BCA008 /* Info.plist */ = {isa = PBXFileReference; lastKnownFileType = text.plist.xml; path = Info.plist; sourceTree = "<group>"; };
		3F12E0E61DD25DC500BCA008 /* Base */ = {isa = PBXFileReference; lastKnownFileType = file.storyboard; name = Base; path = ../../../../Desktop/cctv.ios/cctv.ios/Base.lproj/Main.storyboard; sourceTree = "<group>"; };
		3F12E0E81DD25E3500BCA008 /* archivesViewController.swift */ = {isa = PBXFileReference; fileEncoding = 4; lastKnownFileType = sourcecode.swift; path = archivesViewController.swift; sourceTree = "<group>"; };
		3F12E0EA1DD25E4300BCA008 /* schedulesViewController.swift */ = {isa = PBXFileReference; fileEncoding = 4; lastKnownFileType = sourcecode.swift; path = schedulesViewController.swift; sourceTree = "<group>"; };
		3F12E0EC1DD25E5E00BCA008 /* streamingViewController.swift */ = {isa = PBXFileReference; fileEncoding = 4; lastKnownFileType = sourcecode.swift; path = streamingViewController.swift; sourceTree = "<group>"; };
/* End PBXFileReference section */

/* Begin PBXFrameworksBuildPhase section */
		3F12E0B11DD25DAA00BCA008 /* Frameworks */ = {
			isa = PBXFrameworksBuildPhase;
			buildActionMask = 2147483647;
			files = (
			);
			runOnlyForDeploymentPostprocessing = 0;
		};
		3F12E0C51DD25DAA00BCA008 /* Frameworks */ = {
			isa = PBXFrameworksBuildPhase;
			buildActionMask = 2147483647;
			files = (
			);
			runOnlyForDeploymentPostprocessing = 0;
		};
		3F12E0D01DD25DAA00BCA008 /* Frameworks */ = {
			isa = PBXFrameworksBuildPhase;
			buildActionMask = 2147483647;
			files = (
			);
			runOnlyForDeploymentPostprocessing = 0;
		};
/* End PBXFrameworksBuildPhase section */

/* Begin PBXGroup section */
		3F12E0AB1DD25DAA00BCA008 = {
			isa = PBXGroup;
			children = (
				3F12E0B61DD25DAA00BCA008 /* cctv-ios */,
				3F12E0CB1DD25DAA00BCA008 /* cctv-iosTests */,
				3F12E0D61DD25DAA00BCA008 /* cctv-iosUITests */,
				3F12E0B51DD25DAA00BCA008 /* Products */,
			);
			sourceTree = "<group>";
		};
		3F12E0B51DD25DAA00BCA008 /* Products */ = {
			isa = PBXGroup;
			children = (
				3F12E0B41DD25DAA00BCA008 /* cctv-ios.app */,
				3F12E0C81DD25DAA00BCA008 /* cctv-iosTests.xctest */,
				3F12E0D31DD25DAA00BCA008 /* cctv-iosUITests.xctest */,
			);
			name = Products;
			sourceTree = "<group>";
		};
		3F12E0B61DD25DAA00BCA008 /* cctv-ios */ = {
			isa = PBXGroup;
			children = (
				3F12E0B71DD25DAA00BCA008 /* AppDelegate.swift */,
				3F12E0B91DD25DAA00BCA008 /* ViewController.swift */,
				3F12E0EC1DD25E5E00BCA008 /* streamingViewController.swift */,
				3F12E0EA1DD25E4300BCA008 /* schedulesViewController.swift */,
				3F12E0E81DD25E3500BCA008 /* archivesViewController.swift */,
				3F12E0BE1DD25DAA00BCA008 /* Assets.xcassets */,
				3F12E0C01DD25DAA00BCA008 /* LaunchScreen.storyboard */,
				3F12E0E51DD25DC500BCA008 /* Main.storyboard */,
				3F12E0C31DD25DAA00BCA008 /* Info.plist */,
			);
			path = "cctv-ios";
			sourceTree = "<group>";
		};
		3F12E0CB1DD25DAA00BCA008 /* cctv-iosTests */ = {
			isa = PBXGroup;
			children = (
				3F12E0CC1DD25DAA00BCA008 /* cctv_iosTests.swift */,
				3F12E0CE1DD25DAA00BCA008 /* Info.plist */,
			);
			path = "cctv-iosTests";
			sourceTree = "<group>";
		};
		3F12E0D61DD25DAA00BCA008 /* cctv-iosUITests */ = {
			isa = PBXGroup;
			children = (
				3F12E0D71DD25DAA00BCA008 /* cctv_iosUITests.swift */,
				3F12E0D91DD25DAA00BCA008 /* Info.plist */,
			);
			path = "cctv-iosUITests";
			sourceTree = "<group>";
		};
/* End PBXGroup section */

/* Begin PBXNativeTarget section */
		3F12E0B31DD25DAA00BCA008 /* cctv-ios */ = {
			isa = PBXNativeTarget;
			buildConfigurationList = 3F12E0DC1DD25DAA00BCA008 /* Build configuration list for PBXNativeTarget "cctv-ios" */;
			buildPhases = (
				3F12E0B01DD25DAA00BCA008 /* Sources */,
				3F12E0B11DD25DAA00BCA008 /* Frameworks */,
				3F12E0B21DD25DAA00BCA008 /* Resources */,
			);
			buildRules = (
			);
			dependencies = (
			);
			name = "cctv-ios";
			productName = "cctv-ios";
			productReference = 3F12E0B41DD25DAA00BCA008 /* cctv-ios.app */;
			productType = "com.apple.product-type.application";
		};
		3F12E0C71DD25DAA00BCA008 /* cctv-iosTests */ = {
			isa = PBXNativeTarget;
			buildConfigurationList = 3F12E0DF1DD25DAA00BCA008 /* Build configuration list for PBXNativeTarget "cctv-iosTests" */;
			buildPhases = (
				3F12E0C41DD25DAA00BCA008 /* Sources */,
				3F12E0C51DD25DAA00BCA008 /* Frameworks */,
				3F12E0C61DD25DAA00BCA008 /* Resources */,
			);
			buildRules = (
			);
			dependencies = (
				3F12E0CA1DD25DAA00BCA008 /* PBXTargetDependency */,
			);
			name = "cctv-iosTests";
			productName = "cctv-iosTests";
			productReference = 3F12E0C81DD25DAA00BCA008 /* cctv-iosTests.xctest */;
			productType = "com.apple.product-type.bundle.unit-test";
		};
		3F12E0D21DD25DAA00BCA008 /* cctv-iosUITests */ = {
			isa = PBXNativeTarget;
			buildConfigurationList = 3F12E0E21DD25DAA00BCA008 /* Build configuration list for PBXNativeTarget "cctv-iosUITests" */;
			buildPhases = (
				3F12E0CF1DD25DAA00BCA008 /* Sources */,
				3F12E0D01DD25DAA00BCA008 /* Frameworks */,
				3F12E0D11DD25DAA00BCA008 /* Resources */,
			);
			buildRules = (
			);
			dependencies = (
				3F12E0D51DD25DAA00BCA008 /* PBXTargetDependency */,
			);
			name = "cctv-iosUITests";
			productName = "cctv-iosUITests";
			productReference = 3F12E0D31DD25DAA00BCA008 /* cctv-iosUITests.xctest */;
			productType = "com.apple.product-type.bundle.ui-testing";
		};
/* End PBXNativeTarget section */

/* Begin PBXProject section */
		3F12E0AC1DD25DAA00BCA008 /* Project object */ = {
			isa = PBXProject;
			attributes = {
				LastSwiftUpdateCheck = 0720;
				LastUpgradeCheck = 0720;
				ORGANIZATIONNAME = Student;
				TargetAttributes = {
					3F12E0B31DD25DAA00BCA008 = {
						CreatedOnToolsVersion = 7.2;
					};
					3F12E0C71DD25DAA00BCA008 = {
						CreatedOnToolsVersion = 7.2;
						TestTargetID = 3F12E0B31DD25DAA00BCA008;
					};
					3F12E0D21DD25DAA00BCA008 = {
						CreatedOnToolsVersion = 7.2;
						TestTargetID = 3F12E0B31DD25DAA00BCA008;
					};
				};
			};
			buildConfigurationList = 3F12E0AF1DD25DAA00BCA008 /* Build configuration list for PBXProject "cctv-ios" */;
			compatibilityVersion = "Xcode 3.2";
			developmentRegion = English;
			hasScannedForEncodings = 0;
			knownRegions = (
				en,
				Base,
			);
			mainGroup = 3F12E0AB1DD25DAA00BCA008;
			productRefGroup = 3F12E0B51DD25DAA00BCA008 /* Products */;
			projectDirPath = "";
			projectRoot = "";
			targets = (
				3F12E0B31DD25DAA00BCA008 /* cctv-ios */,
				3F12E0C71DD25DAA00BCA008 /* cctv-iosTests */,
				3F12E0D21DD25DAA00BCA008 /* cctv-iosUITests */,
			);
		};
/* End PBXProject section */

/* Begin PBXResourcesBuildPhase section */
		3F12E0B21DD25DAA00BCA008 /* Resources */ = {
			isa = PBXResourcesBuildPhase;
			buildActionMask = 2147483647;
			files = (
				3F12E0E71DD25DC500BCA008 /* Main.storyboard in Resources */,
				3F12E0C21DD25DAA00BCA008 /* LaunchScreen.storyboard in Resources */,
				3F12E0BF1DD25DAA00BCA008 /* Assets.xcassets in Resources */,
			);
			runOnlyForDeploymentPostprocessing = 0;
		};
		3F12E0C61DD25DAA00BCA008 /* Resources */ = {
			isa = PBXResourcesBuildPhase;
			buildActionMask = 2147483647;
			files = (
			);
			runOnlyForDeploymentPostprocessing = 0;
		};
		3F12E0D11DD25DAA00BCA008 /* Resources */ = {
			isa = PBXResourcesBuildPhase;
			buildActionMask = 2147483647;
			files = (
			);
			runOnlyForDeploymentPostprocessing = 0;
		};
/* End PBXResourcesBuildPhase section */

/* Begin PBXSourcesBuildPhase section */
		3F12E0B01DD25DAA00BCA008 /* Sources */ = {
			isa = PBXSourcesBuildPhase;
			buildActionMask = 2147483647;
			files = (
				3F12E0E91DD25E3500BCA008 /* archivesViewController.swift in Sources */,
				3F12E0ED1DD25E5E00BCA008 /* streamingViewController.swift in Sources */,
				3F12E0BA1DD25DAA00BCA008 /* ViewController.swift in Sources */,
				3F12E0B81DD25DAA00BCA008 /* AppDelegate.swift in Sources */,
				3F12E0EB1DD25E4300BCA008 /* schedulesViewController.swift in Sources */,
			);
			runOnlyForDeploymentPostprocessing = 0;
		};
		3F12E0C41DD25DAA00BCA008 /* Sources */ = {
			isa = PBXSourcesBuildPhase;
			buildActionMask = 2147483647;
			files = (
				3F12E0CD1DD25DAA00BCA008 /* cctv_iosTests.swift in Sources */,
			);
			runOnlyForDeploymentPostprocessing = 0;
		};
		3F12E0CF1DD25DAA00BCA008 /* Sources */ = {
			isa = PBXSourcesBuildPhase;
			buildActionMask = 2147483647;
			files = (
				3F12E0D81DD25DAA00BCA008 /* cctv_iosUITests.swift in Sources */,
			);
			runOnlyForDeploymentPostprocessing = 0;
		};
/* End PBXSourcesBuildPhase section */

/* Begin PBXTargetDependency section */
		3F12E0CA1DD25DAA00BCA008 /* PBXTargetDependency */ = {
			isa = PBXTargetDependency;
			target = 3F12E0B31DD25DAA00BCA008 /* cctv-ios */;
			targetProxy = 3F12E0C91DD25DAA00BCA008 /* PBXContainerItemProxy */;
		};
		3F12E0D51DD25DAA00BCA008 /* PBXTargetDependency */ = {
			isa = PBXTargetDependency;
			target = 3F12E0B31DD25DAA00BCA008 /* cctv-ios */;
			targetProxy = 3F12E0D41DD25DAA00BCA008 /* PBXContainerItemProxy */;
		};
/* End PBXTargetDependency section */

/* Begin PBXVariantGroup section */
		3F12E0C01DD25DAA00BCA008 /* LaunchScreen.storyboard */ = {
			isa = PBXVariantGroup;
			children = (
				3F12E0C11DD25DAA00BCA008 /* Base */,
			);
			name = LaunchScreen.storyboard;
			sourceTree = "<group>";
		};
		3F12E0E51DD25DC500BCA008 /* Main.storyboard */ = {
			isa = PBXVariantGroup;
			children = (
				3F12E0E61DD25DC500BCA008 /* Base */,
			);
			name = Main.storyboard;
			sourceTree = "<group>";
		};
/* End PBXVariantGroup section */

/* Begin XCBuildConfiguration section */
		3F12E0DA1DD25DAA00BCA008 /* Debug */ = {
			isa = XCBuildConfiguration;
			buildSettings = {
				ALWAYS_SEARCH_USER_PATHS = NO;
				CLANG_CXX_LANGUAGE_STANDARD = "gnu++0x";
				CLANG_CXX_LIBRARY = "libc++";
				CLANG_ENABLE_MODULES = YES;
				CLANG_ENABLE_OBJC_ARC = YES;
				CLANG_WARN_BOOL_CONVERSION = YES;
				CLANG_WARN_CONSTANT_CONVERSION = YES;
				CLANG_WARN_DIRECT_OBJC_ISA_USAGE = YES_ERROR;
				CLANG_WARN_EMPTY_BODY = YES;
				CLANG_WARN_ENUM_CONVERSION = YES;
				CLANG_WARN_INT_CONVERSION = YES;
				CLANG_WARN_OBJC_ROOT_CLASS = YES_ERROR;
				CLANG_WARN_UNREACHABLE_CODE = YES;
				CLANG_WARN__DUPLICATE_METHOD_MATCH = YES;
				"CODE_SIGN_IDENTITY[sdk=iphoneos*]" = "iPhone Developer";
				COPY_PHASE_STRIP = NO;
				DEBUG_INFORMATION_FORMAT = dwarf;
				ENABLE_STRICT_OBJC_MSGSEND = YES;
				ENABLE_TESTABILITY = YES;
				GCC_C_LANGUAGE_STANDARD = gnu99;
				GCC_DYNAMIC_NO_PIC = NO;
				GCC_NO_COMMON_BLOCKS = YES;
				GCC_OPTIMIZATION_LEVEL = 0;
				GCC_PREPROCESSOR_DEFINITIONS = (
					"DEBUG=1",
					"$(inherited)",
				);
				GCC_WARN_64_TO_32_BIT_CONVERSION = YES;
				GCC_WARN_ABOUT_RETURN_TYPE = YES_ERROR;
				GCC_WARN_UNDECLARED_SELECTOR = YES;
				GCC_WARN_UNINITIALIZED_AUTOS = YES_AGGRESSIVE;
				GCC_WARN_UNUSED_FUNCTION = YES;
				GCC_WARN_UNUSED_VARIABLE = YES;
				IPHONEOS_DEPLOYMENT_TARGET = 9.2;
				MTL_ENABLE_DEBUG_INFO = YES;
				ONLY_ACTIVE_ARCH = YES;
				SDKROOT = iphoneos;
				SWIFT_OPTIMIZATION_LEVEL = "-Onone";
				TARGETED_DEVICE_FAMILY = "1,2";
			};
			name = Debug;
		};
		3F12E0DB1DD25DAA00BCA008 /* Release */ = {
			isa = XCBuildConfiguration;
			buildSettings = {
				ALWAYS_SEARCH_USER_PATHS = NO;
				CLANG_CXX_LANGUAGE_STANDARD = "gnu++0x";
				CLANG_CXX_LIBRARY = "libc++";
				CLANG_ENABLE_MODULES = YES;
				CLANG_ENABLE_OBJC_ARC = YES;
				CLANG_WARN_BOOL_CONVERSION = YES;
				CLANG_WARN_CONSTANT_CONVERSION = YES;
				CLANG_WARN_DIRECT_OBJC_ISA_USAGE = YES_ERROR;
				CLANG_WARN_EMPTY_BODY = YES;
				CLANG_WARN_ENUM_CONVERSION = YES;
				CLANG_WARN_INT_CONVERSION = YES;
				CLANG_WARN_OBJC_ROOT_CLASS = YES_ERROR;
				CLANG_WARN_UNREACHABLE_CODE = YES;
				CLANG_WARN__DUPLICATE_METHOD_MATCH = YES;
				"CODE_SIGN_IDENTITY[sdk=iphoneos*]" = "iPhone Developer";
				COPY_PHASE_STRIP = NO;
				DEBUG_INFORMATION_FORMAT = "dwarf-with-dsym";
				ENABLE_NS_ASSERTIONS = NO;
				ENABLE_STRICT_OBJC_MSGSEND = YES;
				GCC_C_LANGUAGE_STANDARD = gnu99;
				GCC_NO_COMMON_BLOCKS = YES;
				GCC_WARN_64_TO_32_BIT_CONVERSION = YES;
				GCC_WARN_ABOUT_RETURN_TYPE = YES_ERROR;
				GCC_WARN_UNDECLARED_SELECTOR = YES;
				GCC_WARN_UNINITIALIZED_AUTOS = YES_AGGRESSIVE;
				GCC_WARN_UNUSED_FUNCTION = YES;
				GCC_WARN_UNUSED_VARIABLE = YES;
				IPHONEOS_DEPLOYMENT_TARGET = 9.2;
				MTL_ENABLE_DEBUG_INFO = NO;
				SDKROOT = iphoneos;
				TARGETED_DEVICE_FAMILY = "1,2";
				VALIDATE_PRODUCT = YES;
			};
			name = Release;
		};
		3F12E0DD1DD25DAA00BCA008 /* Debug */ = {
			isa = XCBuildConfiguration;
			buildSettings = {
				ASSETCATALOG_COMPILER_APPICON_NAME = AppIcon;
				INFOPLIST_FILE = "cctv-ios/Info.plist";
				LD_RUNPATH_SEARCH_PATHS = "$(inherited) @executable_path/Frameworks";
				PRODUCT_BUNDLE_IDENTIFIER = "jclau.cctv-ios";
				PRODUCT_NAME = "$(TARGET_NAME)";
			};
			name = Debug;
		};
		3F12E0DE1DD25DAA00BCA008 /* Release */ = {
			isa = XCBuildConfiguration;
			buildSettings = {
				ASSETCATALOG_COMPILER_APPICON_NAME = AppIcon;
				INFOPLIST_FILE = "cctv-ios/Info.plist";
				LD_RUNPATH_SEARCH_PATHS = "$(inherited) @executable_path/Frameworks";
				PRODUCT_BUNDLE_IDENTIFIER = "jclau.cctv-ios";
				PRODUCT_NAME = "$(TARGET_NAME)";
			};
			name = Release;
		};
		3F12E0E01DD25DAA00BCA008 /* Debug */ = {
			isa = XCBuildConfiguration;
			buildSettings = {
				BUNDLE_LOADER = "$(TEST_HOST)";
				INFOPLIST_FILE = "cctv-iosTests/Info.plist";
				LD_RUNPATH_SEARCH_PATHS = "$(inherited) @executable_path/Frameworks @loader_path/Frameworks";
				PRODUCT_BUNDLE_IDENTIFIER = "jclau.cctv-iosTests";
				PRODUCT_NAME = "$(TARGET_NAME)";
				TEST_HOST = "$(BUILT_PRODUCTS_DIR)/cctv-ios.app/cctv-ios";
			};
			name = Debug;
		};
		3F12E0E11DD25DAA00BCA008 /* Release */ = {
			isa = XCBuildConfiguration;
			buildSettings = {
				BUNDLE_LOADER = "$(TEST_HOST)";
				INFOPLIST_FILE = "cctv-iosTests/Info.plist";
				LD_RUNPATH_SEARCH_PATHS = "$(inherited) @executable_path/Frameworks @loader_path/Frameworks";
				PRODUCT_BUNDLE_IDENTIFIER = "jclau.cctv-iosTests";
				PRODUCT_NAME = "$(TARGET_NAME)";
				TEST_HOST = "$(BUILT_PRODUCTS_DIR)/cctv-ios.app/cctv-ios";
			};
			name = Release;
		};
		3F12E0E31DD25DAA00BCA008 /* Debug */ = {
			isa = XCBuildConfiguration;
			buildSettings = {
				INFOPLIST_FILE = "cctv-iosUITests/Info.plist";
				LD_RUNPATH_SEARCH_PATHS = "$(inherited) @executable_path/Frameworks @loader_path/Frameworks";
				PRODUCT_BUNDLE_IDENTIFIER = "jclau.cctv-iosUITests";
				PRODUCT_NAME = "$(TARGET_NAME)";
				TEST_TARGET_NAME = "cctv-ios";
				USES_XCTRUNNER = YES;
			};
			name = Debug;
		};
		3F12E0E41DD25DAA00BCA008 /* Release */ = {
			isa = XCBuildConfiguration;
			buildSettings = {
				INFOPLIST_FILE = "cctv-iosUITests/Info.plist";
				LD_RUNPATH_SEARCH_PATHS = "$(inherited) @executable_path/Frameworks @loader_path/Frameworks";
				PRODUCT_BUNDLE_IDENTIFIER = "jclau.cctv-iosUITests";
				PRODUCT_NAME = "$(TARGET_NAME)";
				TEST_TARGET_NAME = "cctv-ios";
				USES_XCTRUNNER = YES;
			};
			name = Release;
		};
/* End XCBuildConfiguration section */

/* Begin XCConfigurationList section */
		3F12E0AF1DD25DAA00BCA008 /* Build configuration list for PBXProject "cctv-ios" */ = {
			isa = XCConfigurationList;
			buildConfigurations = (
				3F12E0DA1DD25DAA00BCA008 /* Debug */,
				3F12E0DB1DD25DAA00BCA008 /* Release */,
			);
			defaultConfigurationIsVisible = 0;
			defaultConfigurationName = Release;
		};
		3F12E0DC1DD25DAA00BCA008 /* Build configuration list for PBXNativeTarget "cctv-ios" */ = {
			isa = XCConfigurationList;
			buildConfigurations = (
				3F12E0DD1DD25DAA00BCA008 /* Debug */,
				3F12E0DE1DD25DAA00BCA008 /* Release */,
			);
			defaultConfigurationIsVisible = 0;
		};
		3F12E0DF1DD25DAA00BCA008 /* Build configuration list for PBXNativeTarget "cctv-iosTests" */ = {
			isa = XCConfigurationList;
			buildConfigurations = (
				3F12E0E01DD25DAA00BCA008 /* Debug */,
				3F12E0E11DD25DAA00BCA008 /* Release */,
			);
			defaultConfigurationIsVisible = 0;
		};
		3F12E0E21DD25DAA00BCA008 /* Build configuration list for PBXNativeTarget "cctv-iosUITests" */ = {
			isa = XCConfigurationList;
			buildConfigurations = (
				3F12E0E31DD25DAA00BCA008 /* Debug */,
				3F12E0E41DD25DAA00BCA008 /* Release */,
			);
			defaultConfigurationIsVisible = 0;
		};
/* End XCConfigurationList section */
	};
	rootObject = 3F12E0AC1DD25DAA00BCA008 /* Project object */;
}
