// !$*UTF8*$!
{
	archiveVersion = 1;
	classes = {
	};
	objectVersion = 46;
	objects = {

/* Begin PBXBuildFile section */
		3FBB972B1DD9038600537C32 /* AppDelegate.swift in Sources */ = {isa = PBXBuildFile; fileRef = 3FBB972A1DD9038600537C32 /* AppDelegate.swift */; };
		3FBB972D1DD9038600537C32 /* ViewController.swift in Sources */ = {isa = PBXBuildFile; fileRef = 3FBB972C1DD9038600537C32 /* ViewController.swift */; };
		3FBB97301DD9038600537C32 /* Main.storyboard in Resources */ = {isa = PBXBuildFile; fileRef = 3FBB972E1DD9038600537C32 /* Main.storyboard */; };
		3FBB97321DD9038600537C32 /* Assets.xcassets in Resources */ = {isa = PBXBuildFile; fileRef = 3FBB97311DD9038600537C32 /* Assets.xcassets */; };
		3FBB97351DD9038600537C32 /* LaunchScreen.storyboard in Resources */ = {isa = PBXBuildFile; fileRef = 3FBB97331DD9038600537C32 /* LaunchScreen.storyboard */; };
		3FBB97401DD9038600537C32 /* cctv_iosTests.swift in Sources */ = {isa = PBXBuildFile; fileRef = 3FBB973F1DD9038600537C32 /* cctv_iosTests.swift */; };
		3FBB974B1DD9038600537C32 /* cctv_iosUITests.swift in Sources */ = {isa = PBXBuildFile; fileRef = 3FBB974A1DD9038600537C32 /* cctv_iosUITests.swift */; };
/* End PBXBuildFile section */

/* Begin PBXContainerItemProxy section */
		3FBB973C1DD9038600537C32 /* PBXContainerItemProxy */ = {
			isa = PBXContainerItemProxy;
			containerPortal = 3FBB971F1DD9038600537C32 /* Project object */;
			proxyType = 1;
			remoteGlobalIDString = 3FBB97261DD9038600537C32;
			remoteInfo = "cctv-ios";
		};
		3FBB97471DD9038600537C32 /* PBXContainerItemProxy */ = {
			isa = PBXContainerItemProxy;
			containerPortal = 3FBB971F1DD9038600537C32 /* Project object */;
			proxyType = 1;
			remoteGlobalIDString = 3FBB97261DD9038600537C32;
			remoteInfo = "cctv-ios";
		};
/* End PBXContainerItemProxy section */

/* Begin PBXFileReference section */
		3F7B6E971DD910D900D9303A /* en */ = {isa = PBXFileReference; lastKnownFileType = text.plist.strings; name = en; path = en.lproj/LaunchScreen.strings; sourceTree = "<group>"; };
		3FBB97271DD9038600537C32 /* cctv-ios.app */ = {isa = PBXFileReference; explicitFileType = wrapper.application; includeInIndex = 0; path = "cctv-ios.app"; sourceTree = BUILT_PRODUCTS_DIR; };
		3FBB972A1DD9038600537C32 /* AppDelegate.swift */ = {isa = PBXFileReference; lastKnownFileType = sourcecode.swift; path = AppDelegate.swift; sourceTree = "<group>"; };
		3FBB972C1DD9038600537C32 /* ViewController.swift */ = {isa = PBXFileReference; lastKnownFileType = sourcecode.swift; path = ViewController.swift; sourceTree = "<group>"; };
		3FBB972F1DD9038600537C32 /* Base */ = {isa = PBXFileReference; lastKnownFileType = file.storyboard; name = Base; path = Base.lproj/Main.storyboard; sourceTree = "<group>"; };
		3FBB97311DD9038600537C32 /* Assets.xcassets */ = {isa = PBXFileReference; lastKnownFileType = folder.assetcatalog; path = Assets.xcassets; sourceTree = "<group>"; };
		3FBB97341DD9038600537C32 /* Base */ = {isa = PBXFileReference; lastKnownFileType = file.storyboard; name = Base; path = Base.lproj/LaunchScreen.storyboard; sourceTree = "<group>"; };
		3FBB97361DD9038600537C32 /* Info.plist */ = {isa = PBXFileReference; lastKnownFileType = text.plist.xml; path = Info.plist; sourceTree = "<group>"; };
		3FBB973B1DD9038600537C32 /* cctv-iosTests.xctest */ = {isa = PBXFileReference; explicitFileType = wrapper.cfbundle; includeInIndex = 0; path = "cctv-iosTests.xctest"; sourceTree = BUILT_PRODUCTS_DIR; };
		3FBB973F1DD9038600537C32 /* cctv_iosTests.swift */ = {isa = PBXFileReference; lastKnownFileType = sourcecode.swift; path = cctv_iosTests.swift; sourceTree = "<group>"; };
		3FBB97411DD9038600537C32 /* Info.plist */ = {isa = PBXFileReference; lastKnownFileType = text.plist.xml; path = Info.plist; sourceTree = "<group>"; };
		3FBB97461DD9038600537C32 /* cctv-iosUITests.xctest */ = {isa = PBXFileReference; explicitFileType = wrapper.cfbundle; includeInIndex = 0; path = "cctv-iosUITests.xctest"; sourceTree = BUILT_PRODUCTS_DIR; };
		3FBB974A1DD9038600537C32 /* cctv_iosUITests.swift */ = {isa = PBXFileReference; lastKnownFileType = sourcecode.swift; path = cctv_iosUITests.swift; sourceTree = "<group>"; };
		3FBB974C1DD9038600537C32 /* Info.plist */ = {isa = PBXFileReference; lastKnownFileType = text.plist.xml; path = Info.plist; sourceTree = "<group>"; };
		3FBB975B1DD90A3E00537C32 /* en */ = {isa = PBXFileReference; lastKnownFileType = text.plist.strings; name = en; path = en.lproj/Main.strings; sourceTree = "<group>"; };
/* End PBXFileReference section */

/* Begin PBXFrameworksBuildPhase section */
		3FBB97241DD9038600537C32 /* Frameworks */ = {
			isa = PBXFrameworksBuildPhase;
			buildActionMask = 2147483647;
			files = (
			);
			runOnlyForDeploymentPostprocessing = 0;
		};
		3FBB97381DD9038600537C32 /* Frameworks */ = {
			isa = PBXFrameworksBuildPhase;
			buildActionMask = 2147483647;
			files = (
			);
			runOnlyForDeploymentPostprocessing = 0;
		};
		3FBB97431DD9038600537C32 /* Frameworks */ = {
			isa = PBXFrameworksBuildPhase;
			buildActionMask = 2147483647;
			files = (
			);
			runOnlyForDeploymentPostprocessing = 0;
		};
/* End PBXFrameworksBuildPhase section */

/* Begin PBXGroup section */
		3FBB971E1DD9038600537C32 = {
			isa = PBXGroup;
			children = (
				3FBB97291DD9038600537C32 /* cctv-ios */,
				3FBB973E1DD9038600537C32 /* cctv-iosTests */,
				3FBB97491DD9038600537C32 /* cctv-iosUITests */,
				3FBB97281DD9038600537C32 /* Products */,
			);
			sourceTree = "<group>";
		};
		3FBB97281DD9038600537C32 /* Products */ = {
			isa = PBXGroup;
			children = (
				3FBB97271DD9038600537C32 /* cctv-ios.app */,
				3FBB973B1DD9038600537C32 /* cctv-iosTests.xctest */,
				3FBB97461DD9038600537C32 /* cctv-iosUITests.xctest */,
			);
			name = Products;
			sourceTree = "<group>";
		};
		3FBB97291DD9038600537C32 /* cctv-ios */ = {
			isa = PBXGroup;
			children = (
				3FBB972A1DD9038600537C32 /* AppDelegate.swift */,
				3FBB972C1DD9038600537C32 /* ViewController.swift */,
				3FBB972E1DD9038600537C32 /* Main.storyboard */,
				3FBB97311DD9038600537C32 /* Assets.xcassets */,
				3FBB97331DD9038600537C32 /* LaunchScreen.storyboard */,
				3FBB97361DD9038600537C32 /* Info.plist */,
			);
			path = "cctv-ios";
			sourceTree = "<group>";
		};
		3FBB973E1DD9038600537C32 /* cctv-iosTests */ = {
			isa = PBXGroup;
			children = (
				3FBB973F1DD9038600537C32 /* cctv_iosTests.swift */,
				3FBB97411DD9038600537C32 /* Info.plist */,
			);
			path = "cctv-iosTests";
			sourceTree = "<group>";
		};
		3FBB97491DD9038600537C32 /* cctv-iosUITests */ = {
			isa = PBXGroup;
			children = (
				3FBB974A1DD9038600537C32 /* cctv_iosUITests.swift */,
				3FBB974C1DD9038600537C32 /* Info.plist */,
			);
			path = "cctv-iosUITests";
			sourceTree = "<group>";
		};
/* End PBXGroup section */

/* Begin PBXNativeTarget section */
		3FBB97261DD9038600537C32 /* cctv-ios */ = {
			isa = PBXNativeTarget;
			buildConfigurationList = 3FBB974F1DD9038600537C32 /* Build configuration list for PBXNativeTarget "cctv-ios" */;
			buildPhases = (
				3FBB97231DD9038600537C32 /* Sources */,
				3FBB97241DD9038600537C32 /* Frameworks */,
				3FBB97251DD9038600537C32 /* Resources */,
			);
			buildRules = (
			);
			dependencies = (
			);
			name = "cctv-ios";
			productName = "cctv-ios";
			productReference = 3FBB97271DD9038600537C32 /* cctv-ios.app */;
			productType = "com.apple.product-type.application";
		};
		3FBB973A1DD9038600537C32 /* cctv-iosTests */ = {
			isa = PBXNativeTarget;
			buildConfigurationList = 3FBB97521DD9038600537C32 /* Build configuration list for PBXNativeTarget "cctv-iosTests" */;
			buildPhases = (
				3FBB97371DD9038600537C32 /* Sources */,
				3FBB97381DD9038600537C32 /* Frameworks */,
				3FBB97391DD9038600537C32 /* Resources */,
			);
			buildRules = (
			);
			dependencies = (
				3FBB973D1DD9038600537C32 /* PBXTargetDependency */,
			);
			name = "cctv-iosTests";
			productName = "cctv-iosTests";
			productReference = 3FBB973B1DD9038600537C32 /* cctv-iosTests.xctest */;
			productType = "com.apple.product-type.bundle.unit-test";
		};
		3FBB97451DD9038600537C32 /* cctv-iosUITests */ = {
			isa = PBXNativeTarget;
			buildConfigurationList = 3FBB97551DD9038600537C32 /* Build configuration list for PBXNativeTarget "cctv-iosUITests" */;
			buildPhases = (
				3FBB97421DD9038600537C32 /* Sources */,
				3FBB97431DD9038600537C32 /* Frameworks */,
				3FBB97441DD9038600537C32 /* Resources */,
			);
			buildRules = (
			);
			dependencies = (
				3FBB97481DD9038600537C32 /* PBXTargetDependency */,
			);
			name = "cctv-iosUITests";
			productName = "cctv-iosUITests";
			productReference = 3FBB97461DD9038600537C32 /* cctv-iosUITests.xctest */;
			productType = "com.apple.product-type.bundle.ui-testing";
		};
/* End PBXNativeTarget section */

/* Begin PBXProject section */
		3FBB971F1DD9038600537C32 /* Project object */ = {
			isa = PBXProject;
			attributes = {
				LastSwiftUpdateCheck = 0720;
				LastUpgradeCheck = 0720;
				ORGANIZATIONNAME = Student;
				TargetAttributes = {
					3FBB97261DD9038600537C32 = {
						CreatedOnToolsVersion = 7.2;
					};
					3FBB973A1DD9038600537C32 = {
						CreatedOnToolsVersion = 7.2;
						TestTargetID = 3FBB97261DD9038600537C32;
					};
					3FBB97451DD9038600537C32 = {
						CreatedOnToolsVersion = 7.2;
						TestTargetID = 3FBB97261DD9038600537C32;
					};
				};
			};
			buildConfigurationList = 3FBB97221DD9038600537C32 /* Build configuration list for PBXProject "cctv-ios" */;
			compatibilityVersion = "Xcode 3.2";
			developmentRegion = English;
			hasScannedForEncodings = 0;
			knownRegions = (
				en,
				Base,
			);
			mainGroup = 3FBB971E1DD9038600537C32;
			productRefGroup = 3FBB97281DD9038600537C32 /* Products */;
			projectDirPath = "";
			projectRoot = "";
			targets = (
				3FBB97261DD9038600537C32 /* cctv-ios */,
				3FBB973A1DD9038600537C32 /* cctv-iosTests */,
				3FBB97451DD9038600537C32 /* cctv-iosUITests */,
			);
		};
/* End PBXProject section */

/* Begin PBXResourcesBuildPhase section */
		3FBB97251DD9038600537C32 /* Resources */ = {
			isa = PBXResourcesBuildPhase;
			buildActionMask = 2147483647;
			files = (
				3FBB97351DD9038600537C32 /* LaunchScreen.storyboard in Resources */,
				3FBB97321DD9038600537C32 /* Assets.xcassets in Resources */,
				3FBB97301DD9038600537C32 /* Main.storyboard in Resources */,
			);
			runOnlyForDeploymentPostprocessing = 0;
		};
		3FBB97391DD9038600537C32 /* Resources */ = {
			isa = PBXResourcesBuildPhase;
			buildActionMask = 2147483647;
			files = (
			);
			runOnlyForDeploymentPostprocessing = 0;
		};
		3FBB97441DD9038600537C32 /* Resources */ = {
			isa = PBXResourcesBuildPhase;
			buildActionMask = 2147483647;
			files = (
			);
			runOnlyForDeploymentPostprocessing = 0;
		};
/* End PBXResourcesBuildPhase section */

/* Begin PBXSourcesBuildPhase section */
		3FBB97231DD9038600537C32 /* Sources */ = {
			isa = PBXSourcesBuildPhase;
			buildActionMask = 2147483647;
			files = (
				3FBB972D1DD9038600537C32 /* ViewController.swift in Sources */,
				3FBB972B1DD9038600537C32 /* AppDelegate.swift in Sources */,
			);
			runOnlyForDeploymentPostprocessing = 0;
		};
		3FBB97371DD9038600537C32 /* Sources */ = {
			isa = PBXSourcesBuildPhase;
			buildActionMask = 2147483647;
			files = (
				3FBB97401DD9038600537C32 /* cctv_iosTests.swift in Sources */,
			);
			runOnlyForDeploymentPostprocessing = 0;
		};
		3FBB97421DD9038600537C32 /* Sources */ = {
			isa = PBXSourcesBuildPhase;
			buildActionMask = 2147483647;
			files = (
				3FBB974B1DD9038600537C32 /* cctv_iosUITests.swift in Sources */,
			);
			runOnlyForDeploymentPostprocessing = 0;
		};
/* End PBXSourcesBuildPhase section */

/* Begin PBXTargetDependency section */
		3FBB973D1DD9038600537C32 /* PBXTargetDependency */ = {
			isa = PBXTargetDependency;
			target = 3FBB97261DD9038600537C32 /* cctv-ios */;
			targetProxy = 3FBB973C1DD9038600537C32 /* PBXContainerItemProxy */;
		};
		3FBB97481DD9038600537C32 /* PBXTargetDependency */ = {
			isa = PBXTargetDependency;
			target = 3FBB97261DD9038600537C32 /* cctv-ios */;
			targetProxy = 3FBB97471DD9038600537C32 /* PBXContainerItemProxy */;
		};
/* End PBXTargetDependency section */

/* Begin PBXVariantGroup section */
		3FBB972E1DD9038600537C32 /* Main.storyboard */ = {
			isa = PBXVariantGroup;
			children = (
				3FBB972F1DD9038600537C32 /* Base */,
				3FBB975B1DD90A3E00537C32 /* en */,
			);
			name = Main.storyboard;
			sourceTree = "<group>";
		};
		3FBB97331DD9038600537C32 /* LaunchScreen.storyboard */ = {
			isa = PBXVariantGroup;
			children = (
				3FBB97341DD9038600537C32 /* Base */,
				3F7B6E971DD910D900D9303A /* en */,
			);
			name = LaunchScreen.storyboard;
			sourceTree = "<group>";
		};
/* End PBXVariantGroup section */

/* Begin XCBuildConfiguration section */
		3FBB974D1DD9038600537C32 /* Debug */ = {
			isa = XCBuildConfiguration;
			buildSettings = {
				ALWAYS_SEARCH_USER_PATHS = NO;
				CLANG_CXX_LANGUAGE_STANDARD = "gnu++0x";
				CLANG_CXX_LIBRARY = "libc++";
				CLANG_ENABLE_MODULES = YES;
				CLANG_ENABLE_OBJC_ARC = YES;
				CLANG_WARN_BOOL_CONVERSION = YES;
				CLANG_WARN_CONSTANT_CONVERSION = YES;
				CLANG_WARN_DIRECT_OBJC_ISA_USAGE = YES_ERROR;
				CLANG_WARN_EMPTY_BODY = YES;
				CLANG_WARN_ENUM_CONVERSION = YES;
				CLANG_WARN_INT_CONVERSION = YES;
				CLANG_WARN_OBJC_ROOT_CLASS = YES_ERROR;
				CLANG_WARN_UNREACHABLE_CODE = YES;
				CLANG_WARN__DUPLICATE_METHOD_MATCH = YES;
				"CODE_SIGN_IDENTITY[sdk=iphoneos*]" = "iPhone Developer";
				COPY_PHASE_STRIP = NO;
				DEBUG_INFORMATION_FORMAT = dwarf;
				ENABLE_STRICT_OBJC_MSGSEND = YES;
				ENABLE_TESTABILITY = YES;
				GCC_C_LANGUAGE_STANDARD = gnu99;
				GCC_DYNAMIC_NO_PIC = NO;
				GCC_NO_COMMON_BLOCKS = YES;
				GCC_OPTIMIZATION_LEVEL = 0;
				GCC_PREPROCESSOR_DEFINITIONS = (
					"DEBUG=1",
					"$(inherited)",
				);
				GCC_WARN_64_TO_32_BIT_CONVERSION = YES;
				GCC_WARN_ABOUT_RETURN_TYPE = YES_ERROR;
				GCC_WARN_UNDECLARED_SELECTOR = YES;
				GCC_WARN_UNINITIALIZED_AUTOS = YES_AGGRESSIVE;
				GCC_WARN_UNUSED_FUNCTION = YES;
				GCC_WARN_UNUSED_VARIABLE = YES;
				IPHONEOS_DEPLOYMENT_TARGET = 9.2;
				MTL_ENABLE_DEBUG_INFO = YES;
				ONLY_ACTIVE_ARCH = YES;
				SDKROOT = iphoneos;
				SWIFT_OPTIMIZATION_LEVEL = "-Onone";
				TARGETED_DEVICE_FAMILY = "1,2";
			};
			name = Debug;
		};
		3FBB974E1DD9038600537C32 /* Release */ = {
			isa = XCBuildConfiguration;
			buildSettings = {
				ALWAYS_SEARCH_USER_PATHS = NO;
				CLANG_CXX_LANGUAGE_STANDARD = "gnu++0x";
				CLANG_CXX_LIBRARY = "libc++";
				CLANG_ENABLE_MODULES = YES;
				CLANG_ENABLE_OBJC_ARC = YES;
				CLANG_WARN_BOOL_CONVERSION = YES;
				CLANG_WARN_CONSTANT_CONVERSION = YES;
				CLANG_WARN_DIRECT_OBJC_ISA_USAGE = YES_ERROR;
				CLANG_WARN_EMPTY_BODY = YES;
				CLANG_WARN_ENUM_CONVERSION = YES;
				CLANG_WARN_INT_CONVERSION = YES;
				CLANG_WARN_OBJC_ROOT_CLASS = YES_ERROR;
				CLANG_WARN_UNREACHABLE_CODE = YES;
				CLANG_WARN__DUPLICATE_METHOD_MATCH = YES;
				"CODE_SIGN_IDENTITY[sdk=iphoneos*]" = "iPhone Developer";
				COPY_PHASE_STRIP = NO;
				DEBUG_INFORMATION_FORMAT = "dwarf-with-dsym";
				ENABLE_NS_ASSERTIONS = NO;
				ENABLE_STRICT_OBJC_MSGSEND = YES;
				GCC_C_LANGUAGE_STANDARD = gnu99;
				GCC_NO_COMMON_BLOCKS = YES;
				GCC_WARN_64_TO_32_BIT_CONVERSION = YES;
				GCC_WARN_ABOUT_RETURN_TYPE = YES_ERROR;
				GCC_WARN_UNDECLARED_SELECTOR = YES;
				GCC_WARN_UNINITIALIZED_AUTOS = YES_AGGRESSIVE;
				GCC_WARN_UNUSED_FUNCTION = YES;
				GCC_WARN_UNUSED_VARIABLE = YES;
				IPHONEOS_DEPLOYMENT_TARGET = 9.2;
				MTL_ENABLE_DEBUG_INFO = NO;
				SDKROOT = iphoneos;
				TARGETED_DEVICE_FAMILY = "1,2";
				VALIDATE_PRODUCT = YES;
			};
			name = Release;
		};
		3FBB97501DD9038600537C32 /* Debug */ = {
			isa = XCBuildConfiguration;
			buildSettings = {
				ASSETCATALOG_COMPILER_APPICON_NAME = AppIcon;
				INFOPLIST_FILE = "cctv-ios/Info.plist";
				LD_RUNPATH_SEARCH_PATHS = "$(inherited) @executable_path/Frameworks";
				PRODUCT_BUNDLE_IDENTIFIER = "jclau.cctv-ios";
				PRODUCT_NAME = "$(TARGET_NAME)";
			};
			name = Debug;
		};
		3FBB97511DD9038600537C32 /* Release */ = {
			isa = XCBuildConfiguration;
			buildSettings = {
				ASSETCATALOG_COMPILER_APPICON_NAME = AppIcon;
				INFOPLIST_FILE = "cctv-ios/Info.plist";
				LD_RUNPATH_SEARCH_PATHS = "$(inherited) @executable_path/Frameworks";
				PRODUCT_BUNDLE_IDENTIFIER = "jclau.cctv-ios";
				PRODUCT_NAME = "$(TARGET_NAME)";
			};
			name = Release;
		};
		3FBB97531DD9038600537C32 /* Debug */ = {
			isa = XCBuildConfiguration;
			buildSettings = {
				BUNDLE_LOADER = "$(TEST_HOST)";
				INFOPLIST_FILE = "cctv-iosTests/Info.plist";
				LD_RUNPATH_SEARCH_PATHS = "$(inherited) @executable_path/Frameworks @loader_path/Frameworks";
				PRODUCT_BUNDLE_IDENTIFIER = "jclau.cctv-iosTests";
				PRODUCT_NAME = "$(TARGET_NAME)";
				TEST_HOST = "$(BUILT_PRODUCTS_DIR)/cctv-ios.app/cctv-ios";
			};
			name = Debug;
		};
		3FBB97541DD9038600537C32 /* Release */ = {
			isa = XCBuildConfiguration;
			buildSettings = {
				BUNDLE_LOADER = "$(TEST_HOST)";
				INFOPLIST_FILE = "cctv-iosTests/Info.plist";
				LD_RUNPATH_SEARCH_PATHS = "$(inherited) @executable_path/Frameworks @loader_path/Frameworks";
				PRODUCT_BUNDLE_IDENTIFIER = "jclau.cctv-iosTests";
				PRODUCT_NAME = "$(TARGET_NAME)";
				TEST_HOST = "$(BUILT_PRODUCTS_DIR)/cctv-ios.app/cctv-ios";
			};
			name = Release;
		};
		3FBB97561DD9038600537C32 /* Debug */ = {
			isa = XCBuildConfiguration;
			buildSettings = {
				INFOPLIST_FILE = "cctv-iosUITests/Info.plist";
				LD_RUNPATH_SEARCH_PATHS = "$(inherited) @executable_path/Frameworks @loader_path/Frameworks";
				PRODUCT_BUNDLE_IDENTIFIER = "jclau.cctv-iosUITests";
				PRODUCT_NAME = "$(TARGET_NAME)";
				TEST_TARGET_NAME = "cctv-ios";
				USES_XCTRUNNER = YES;
			};
			name = Debug;
		};
		3FBB97571DD9038600537C32 /* Release */ = {
			isa = XCBuildConfiguration;
			buildSettings = {
				INFOPLIST_FILE = "cctv-iosUITests/Info.plist";
				LD_RUNPATH_SEARCH_PATHS = "$(inherited) @executable_path/Frameworks @loader_path/Frameworks";
				PRODUCT_BUNDLE_IDENTIFIER = "jclau.cctv-iosUITests";
				PRODUCT_NAME = "$(TARGET_NAME)";
				TEST_TARGET_NAME = "cctv-ios";
				USES_XCTRUNNER = YES;
			};
			name = Release;
		};
/* End XCBuildConfiguration section */

/* Begin XCConfigurationList section */
		3FBB97221DD9038600537C32 /* Build configuration list for PBXProject "cctv-ios" */ = {
			isa = XCConfigurationList;
			buildConfigurations = (
				3FBB974D1DD9038600537C32 /* Debug */,
				3FBB974E1DD9038600537C32 /* Release */,
			);
			defaultConfigurationIsVisible = 0;
			defaultConfigurationName = Release;
		};
		3FBB974F1DD9038600537C32 /* Build configuration list for PBXNativeTarget "cctv-ios" */ = {
			isa = XCConfigurationList;
			buildConfigurations = (
				3FBB97501DD9038600537C32 /* Debug */,
				3FBB97511DD9038600537C32 /* Release */,
			);
			defaultConfigurationIsVisible = 0;
			defaultConfigurationName = Release;
		};
		3FBB97521DD9038600537C32 /* Build configuration list for PBXNativeTarget "cctv-iosTests" */ = {
			isa = XCConfigurationList;
			buildConfigurations = (
				3FBB97531DD9038600537C32 /* Debug */,
				3FBB97541DD9038600537C32 /* Release */,
			);
			defaultConfigurationIsVisible = 0;
			defaultConfigurationName = Release;
		};
		3FBB97551DD9038600537C32 /* Build configuration list for PBXNativeTarget "cctv-iosUITests" */ = {
			isa = XCConfigurationList;
			buildConfigurations = (
				3FBB97561DD9038600537C32 /* Debug */,
				3FBB97571DD9038600537C32 /* Release */,
			);
			defaultConfigurationIsVisible = 0;
			defaultConfigurationName = Release;
		};
/* End XCConfigurationList section */
	};
	rootObject = 3FBB971F1DD9038600537C32 /* Project object */;
}
